// !$*UTF8*$!
{
	archiveVersion = 1;
	classes = {
	};
	objectVersion = 51;
	objects = {

/* Begin PBXBuildFile section */
		0506ADA423323FC800894EF6 /* ImageDownloader.swift in Sources */ = {isa = PBXBuildFile; fileRef = 0506ADA323323FC800894EF6 /* ImageDownloader.swift */; };
		0512BB602323F8E20025951D /* Utilities.swift in Sources */ = {isa = PBXBuildFile; fileRef = 0512BB5F2323F8E20025951D /* Utilities.swift */; };
		0512BB8C232678CE0025951D /* HomeScreen.storyboard in Resources */ = {isa = PBXBuildFile; fileRef = 0512BB8B232678CE0025951D /* HomeScreen.storyboard */; };
		0512BB8E23267CE80025951D /* User.swift in Sources */ = {isa = PBXBuildFile; fileRef = 0512BB8D23267CE80025951D /* User.swift */; };
		0512BB9123267E7F0025951D /* UserViewModel.swift in Sources */ = {isa = PBXBuildFile; fileRef = 0512BB9023267E7F0025951D /* UserViewModel.swift */; };
		0512BB9323267FFA0025951D /* Registration.swift in Sources */ = {isa = PBXBuildFile; fileRef = 0512BB9223267FFA0025951D /* Registration.swift */; };
		052E779623391EDD00CF02F2 /* OrdersViewController.swift in Sources */ = {isa = PBXBuildFile; fileRef = 052E779523391EDD00CF02F2 /* OrdersViewController.swift */; };
		052E779823391F0D00CF02F2 /* OrderTableViewCell.swift in Sources */ = {isa = PBXBuildFile; fileRef = 052E779723391F0D00CF02F2 /* OrderTableViewCell.swift */; };
		052E779B2339205000CF02F2 /* OrdersViewController+TableViewDataSource.swift in Sources */ = {isa = PBXBuildFile; fileRef = 052E779A2339205000CF02F2 /* OrdersViewController+TableViewDataSource.swift */; };
		052E77A2233A3BE700CF02F2 /* HomeViewController.swift in Sources */ = {isa = PBXBuildFile; fileRef = 052E77A1233A3BE700CF02F2 /* HomeViewController.swift */; };
		052E77A4233A3C0B00CF02F2 /* HomeCollectionViewCell.swift in Sources */ = {isa = PBXBuildFile; fileRef = 052E77A3233A3C0B00CF02F2 /* HomeCollectionViewCell.swift */; };
		052E77A6233A3EA400CF02F2 /* HomeViewController+CollectionView.swift in Sources */ = {isa = PBXBuildFile; fileRef = 052E77A5233A3EA400CF02F2 /* HomeViewController+CollectionView.swift */; };
		054D6E622342126500577C5E /* SignInViewController.swift in Sources */ = {isa = PBXBuildFile; fileRef = FE9240A02322AB770044594E /* SignInViewController.swift */; };
		05A5F7D3232D6D5400834CE3 /* PlaceListDownloader.swift in Sources */ = {isa = PBXBuildFile; fileRef = 05A5F7D2232D6D5400834CE3 /* PlaceListDownloader.swift */; };
		05A5F7E2232EDCA500834CE3 /* FavoriteVC+HomeVCDelegate.swift in Sources */ = {isa = PBXBuildFile; fileRef = 05A5F7E1232EDCA500834CE3 /* FavoriteVC+HomeVCDelegate.swift */; };
		05A83CA52337EDE100E3E1F5 /* TourPlacesCollectionViewCell.swift in Sources */ = {isa = PBXBuildFile; fileRef = 05A83CA42337EDE100E3E1F5 /* TourPlacesCollectionViewCell.swift */; };
		05A83CAD2338B9B700E3E1F5 /* AppDelegate.swift in Sources */ = {isa = PBXBuildFile; fileRef = 05A83CAC2338B9B700E3E1F5 /* AppDelegate.swift */; };
		05A83CB22338B9B700E3E1F5 /* DriverMain.storyboard in Resources */ = {isa = PBXBuildFile; fileRef = 05A83CB02338B9B700E3E1F5 /* DriverMain.storyboard */; };
		05A83CB42338B9BB00E3E1F5 /* Assets.xcassets in Resources */ = {isa = PBXBuildFile; fileRef = 05A83CB32338B9BB00E3E1F5 /* Assets.xcassets */; };
		05A83CB72338B9BB00E3E1F5 /* LaunchScreen.storyboard in Resources */ = {isa = PBXBuildFile; fileRef = 05A83CB52338B9BB00E3E1F5 /* LaunchScreen.storyboard */; };
		05D108F52329678F0098E286 /* HomeCollectionViewCell.swift in Sources */ = {isa = PBXBuildFile; fileRef = 05D108F42329678F0098E286 /* HomeCollectionViewCell.swift */; };
		05D108F923296CCD0098E286 /* Tour.swift in Sources */ = {isa = PBXBuildFile; fileRef = 05D108F823296CCD0098E286 /* Tour.swift */; };
		05D108FB23296CDA0098E286 /* Place.swift in Sources */ = {isa = PBXBuildFile; fileRef = 05D108FA23296CDA0098E286 /* Place.swift */; };
		05D108FE23296E360098E286 /* ToursDownloader.swift in Sources */ = {isa = PBXBuildFile; fileRef = 05D108FD23296E360098E286 /* ToursDownloader.swift */; };
		05D10900232A881C0098E286 /* PlaceDownloader.swift in Sources */ = {isa = PBXBuildFile; fileRef = 05D108FF232A881C0098E286 /* PlaceDownloader.swift */; };
		05D19D9F233A4EDC00165FE0 /* HomeCollectionViewCell+CollectionView.swift in Sources */ = {isa = PBXBuildFile; fileRef = 05D19D9E233A4EDC00165FE0 /* HomeCollectionViewCell+CollectionView.swift */; };
		05F469FF234220F000DD5482 /* SignInViewController.swift in Sources */ = {isa = PBXBuildFile; fileRef = FE9240A02322AB770044594E /* SignInViewController.swift */; };
		05F46A002342211200DD5482 /* UserViewModel.swift in Sources */ = {isa = PBXBuildFile; fileRef = 0512BB9023267E7F0025951D /* UserViewModel.swift */; };
		05F46A012342213500DD5482 /* User.swift in Sources */ = {isa = PBXBuildFile; fileRef = 0512BB8D23267CE80025951D /* User.swift */; };
		05F46A022342213D00DD5482 /* Utilities.swift in Sources */ = {isa = PBXBuildFile; fileRef = 0512BB5F2323F8E20025951D /* Utilities.swift */; };
		05F46A032342214200DD5482 /* Registration.swift in Sources */ = {isa = PBXBuildFile; fileRef = 0512BB9223267FFA0025951D /* Registration.swift */; };
		05F46A052342220400DD5482 /* Main.storyboard in Resources */ = {isa = PBXBuildFile; fileRef = FE71BB32231EC95A003AE340 /* Main.storyboard */; };
		05F46A08234223F000DD5482 /* GoogleService-Info.plist in Resources */ = {isa = PBXBuildFile; fileRef = FE92409A2322A36D0044594E /* GoogleService-Info.plist */; };
		05F46A0C23425EC600DD5482 /* TripViewModel.swift in Sources */ = {isa = PBXBuildFile; fileRef = 05F46A0B23425EC600DD5482 /* TripViewModel.swift */; };
		05F46A0E23425FF800DD5482 /* TripUploader.swift in Sources */ = {isa = PBXBuildFile; fileRef = 05F46A0D23425FF800DD5482 /* TripUploader.swift */; };
		A4997D9F2BA3E000EC40D739 /* Pods_TravelApp.framework in Frameworks */ = {isa = PBXBuildFile; fileRef = 639C197BC5CD5D532ABC1F20 /* Pods_TravelApp.framework */; };
		A52B7AC393DD6D63C2062573 /* Pods_TravelApp_Driver.framework in Frameworks */ = {isa = PBXBuildFile; fileRef = 4ACB277EDA6AE5E50622D3EE /* Pods_TravelApp_Driver.framework */; };
		FE17D79D232CB7AF0054A389 /* EmptyViewController.swift in Sources */ = {isa = PBXBuildFile; fileRef = FE17D79C232CB7AF0054A389 /* EmptyViewController.swift */; };
		FE17D79F232CBDF00054A389 /* AttractionTableViewCell.swift in Sources */ = {isa = PBXBuildFile; fileRef = FE17D79E232CBDF00054A389 /* AttractionTableViewCell.swift */; };
		FE17D7A1232CDE270054A389 /* CustomTour.swift in Sources */ = {isa = PBXBuildFile; fileRef = FE17D7A0232CDE270054A389 /* CustomTour.swift */; };
		FE17D7A3232CDFBF0054A389 /* PlaceListViewModel.swift in Sources */ = {isa = PBXBuildFile; fileRef = FE17D7A2232CDFBF0054A389 /* PlaceListViewModel.swift */; };
		FE17D7A5232D1C7C0054A389 /* PlaceViewModel.swift in Sources */ = {isa = PBXBuildFile; fileRef = FE17D7A4232D1C7C0054A389 /* PlaceViewModel.swift */; };
		FE2313782332820D003E28F0 /* CustomTourViewController.swift in Sources */ = {isa = PBXBuildFile; fileRef = FE95EE12232A37FF00AA9393 /* CustomTourViewController.swift */; };
		FE23137B2334DBD5003E28F0 /* CustomTourVC+CollectionView.swift in Sources */ = {isa = PBXBuildFile; fileRef = FE23137A2334DBD5003E28F0 /* CustomTourVC+CollectionView.swift */; };
		FE23137D2334EBA6003E28F0 /* SelectedPlacesCollectionViewCell.swift in Sources */ = {isa = PBXBuildFile; fileRef = FE23137C2334EBA6003E28F0 /* SelectedPlacesCollectionViewCell.swift */; };
		FE2313802334F7F3003E28F0 /* AttractionTableViewCellDelegate.swift in Sources */ = {isa = PBXBuildFile; fileRef = FE23137F2334F7F3003E28F0 /* AttractionTableViewCellDelegate.swift */; };
		FE3A7A752323B3BD00517B4E /* HomeViewController.swift in Sources */ = {isa = PBXBuildFile; fileRef = FE3A7A742323B3BD00517B4E /* HomeViewController.swift */; };
		FE71BB2F231EC95A003AE340 /* AppDelegate.swift in Sources */ = {isa = PBXBuildFile; fileRef = FE71BB2E231EC95A003AE340 /* AppDelegate.swift */; };
		FE71BB34231EC95A003AE340 /* Main.storyboard in Resources */ = {isa = PBXBuildFile; fileRef = FE71BB32231EC95A003AE340 /* Main.storyboard */; };
		FE71BB36231EC95B003AE340 /* Assets.xcassets in Resources */ = {isa = PBXBuildFile; fileRef = FE71BB35231EC95B003AE340 /* Assets.xcassets */; };
		FE71BB39231EC95B003AE340 /* LaunchScreen.storyboard in Resources */ = {isa = PBXBuildFile; fileRef = FE71BB37231EC95B003AE340 /* LaunchScreen.storyboard */; };
		FE84A251233F4ED50084E314 /* TourOverviewViewController.swift in Sources */ = {isa = PBXBuildFile; fileRef = FE84A250233F4ED50084E314 /* TourOverviewViewController.swift */; };
		FE84A254233F68870084E314 /* PlaceOverviewTableViewCell.swift in Sources */ = {isa = PBXBuildFile; fileRef = FE84A253233F68870084E314 /* PlaceOverviewTableViewCell.swift */; };
		FE84A257233F88120084E314 /* DescriptionViewController.swift in Sources */ = {isa = PBXBuildFile; fileRef = FE84A256233F88120084E314 /* DescriptionViewController.swift */; };
		FE92409B2322A36D0044594E /* GoogleService-Info.plist in Resources */ = {isa = PBXBuildFile; fileRef = FE92409A2322A36D0044594E /* GoogleService-Info.plist */; };
		FE9240A32322AB800044594E /* SignUpViewController.swift in Sources */ = {isa = PBXBuildFile; fileRef = FE9240A22322AB800044594E /* SignUpViewController.swift */; };
		FE9551CF232FD68200467527 /* FavoriteVC+HomeCollectionViewCellDelegate.swift in Sources */ = {isa = PBXBuildFile; fileRef = 05A5F7E3232EED3200834CE3 /* FavoriteVC+HomeCollectionViewCellDelegate.swift */; };
		FE9551D0232FD69900467527 /* FavoritesViewController.swift in Sources */ = {isa = PBXBuildFile; fileRef = 05A5F7CE232BD56100834CE3 /* FavoritesViewController.swift */; };
		FE9551D1232FD70B00467527 /* HomeCollectionViewCellDelegate.swift in Sources */ = {isa = PBXBuildFile; fileRef = 05A5F7D7232EA97A00834CE3 /* HomeCollectionViewCellDelegate.swift */; };
		FE9551D2232FD70E00467527 /* HomeViewControllerDelegate.swift in Sources */ = {isa = PBXBuildFile; fileRef = 05A5F7DC232EDBA600834CE3 /* HomeViewControllerDelegate.swift */; };
		FE9551D3232FD74C00467527 /* HomeVC+HomeCVCellDelegate.swift in Sources */ = {isa = PBXBuildFile; fileRef = 05A5F7DA232EAB7500834CE3 /* HomeVC+HomeCVCellDelegate.swift */; };
		FE9551D52331499C00467527 /* TourViewModel.swift in Sources */ = {isa = PBXBuildFile; fileRef = FE9551D42331499C00467527 /* TourViewModel.swift */; };
		FE9551D7233239F800467527 /* TourListViewModel.swift in Sources */ = {isa = PBXBuildFile; fileRef = 05D108F623296CB80098E286 /* TourListViewModel.swift */; };
		FEC00A31233751A9006B86CE /* TriangleButton.swift in Sources */ = {isa = PBXBuildFile; fileRef = FEC00A30233751A9006B86CE /* TriangleButton.swift */; };
		FEC00A3523387AE3006B86CE /* SelectedPlacesCollectionViewCellDelegate.swift in Sources */ = {isa = PBXBuildFile; fileRef = FEC00A3423387AE3006B86CE /* SelectedPlacesCollectionViewCellDelegate.swift */; };
/* End PBXBuildFile section */

/* Begin PBXFileReference section */
		0506ADA323323FC800894EF6 /* ImageDownloader.swift */ = {isa = PBXFileReference; lastKnownFileType = sourcecode.swift; path = ImageDownloader.swift; sourceTree = "<group>"; };
		0512BB5F2323F8E20025951D /* Utilities.swift */ = {isa = PBXFileReference; lastKnownFileType = sourcecode.swift; path = Utilities.swift; sourceTree = "<group>"; };
		0512BB8B232678CE0025951D /* HomeScreen.storyboard */ = {isa = PBXFileReference; lastKnownFileType = file.storyboard; path = HomeScreen.storyboard; sourceTree = "<group>"; };
		0512BB8D23267CE80025951D /* User.swift */ = {isa = PBXFileReference; lastKnownFileType = sourcecode.swift; path = User.swift; sourceTree = "<group>"; };
		0512BB9023267E7F0025951D /* UserViewModel.swift */ = {isa = PBXFileReference; lastKnownFileType = sourcecode.swift; path = UserViewModel.swift; sourceTree = "<group>"; };
		0512BB9223267FFA0025951D /* Registration.swift */ = {isa = PBXFileReference; lastKnownFileType = sourcecode.swift; path = Registration.swift; sourceTree = "<group>"; };
		052E779523391EDD00CF02F2 /* OrdersViewController.swift */ = {isa = PBXFileReference; lastKnownFileType = sourcecode.swift; path = OrdersViewController.swift; sourceTree = "<group>"; };
		052E779723391F0D00CF02F2 /* OrderTableViewCell.swift */ = {isa = PBXFileReference; lastKnownFileType = sourcecode.swift; path = OrderTableViewCell.swift; sourceTree = "<group>"; };
		052E779A2339205000CF02F2 /* OrdersViewController+TableViewDataSource.swift */ = {isa = PBXFileReference; lastKnownFileType = sourcecode.swift; path = "OrdersViewController+TableViewDataSource.swift"; sourceTree = "<group>"; };
		052E77A1233A3BE700CF02F2 /* HomeViewController.swift */ = {isa = PBXFileReference; lastKnownFileType = sourcecode.swift; path = HomeViewController.swift; sourceTree = "<group>"; };
		052E77A3233A3C0B00CF02F2 /* HomeCollectionViewCell.swift */ = {isa = PBXFileReference; lastKnownFileType = sourcecode.swift; path = HomeCollectionViewCell.swift; sourceTree = "<group>"; };
		052E77A5233A3EA400CF02F2 /* HomeViewController+CollectionView.swift */ = {isa = PBXFileReference; lastKnownFileType = sourcecode.swift; path = "HomeViewController+CollectionView.swift"; sourceTree = "<group>"; };
		05A5F7CE232BD56100834CE3 /* FavoritesViewController.swift */ = {isa = PBXFileReference; lastKnownFileType = sourcecode.swift; path = FavoritesViewController.swift; sourceTree = "<group>"; };
		05A5F7D2232D6D5400834CE3 /* PlaceListDownloader.swift */ = {isa = PBXFileReference; lastKnownFileType = sourcecode.swift; path = PlaceListDownloader.swift; sourceTree = "<group>"; };
		05A5F7D7232EA97A00834CE3 /* HomeCollectionViewCellDelegate.swift */ = {isa = PBXFileReference; lastKnownFileType = sourcecode.swift; path = HomeCollectionViewCellDelegate.swift; sourceTree = "<group>"; };
		05A5F7DA232EAB7500834CE3 /* HomeVC+HomeCVCellDelegate.swift */ = {isa = PBXFileReference; lastKnownFileType = sourcecode.swift; path = "HomeVC+HomeCVCellDelegate.swift"; sourceTree = "<group>"; };
		05A5F7DC232EDBA600834CE3 /* HomeViewControllerDelegate.swift */ = {isa = PBXFileReference; lastKnownFileType = sourcecode.swift; path = HomeViewControllerDelegate.swift; sourceTree = "<group>"; };
		05A5F7E1232EDCA500834CE3 /* FavoriteVC+HomeVCDelegate.swift */ = {isa = PBXFileReference; lastKnownFileType = sourcecode.swift; path = "FavoriteVC+HomeVCDelegate.swift"; sourceTree = "<group>"; };
		05A5F7E3232EED3200834CE3 /* FavoriteVC+HomeCollectionViewCellDelegate.swift */ = {isa = PBXFileReference; lastKnownFileType = sourcecode.swift; path = "FavoriteVC+HomeCollectionViewCellDelegate.swift"; sourceTree = "<group>"; };
		05A83CA42337EDE100E3E1F5 /* TourPlacesCollectionViewCell.swift */ = {isa = PBXFileReference; lastKnownFileType = sourcecode.swift; path = TourPlacesCollectionViewCell.swift; sourceTree = "<group>"; };
		05A83CAA2338B9B600E3E1F5 /* TravelApp Driver.app */ = {isa = PBXFileReference; explicitFileType = wrapper.application; includeInIndex = 0; path = "TravelApp Driver.app"; sourceTree = BUILT_PRODUCTS_DIR; };
		05A83CAC2338B9B700E3E1F5 /* AppDelegate.swift */ = {isa = PBXFileReference; lastKnownFileType = sourcecode.swift; path = AppDelegate.swift; sourceTree = "<group>"; };
		05A83CB12338B9B700E3E1F5 /* Base */ = {isa = PBXFileReference; lastKnownFileType = file.storyboard; name = Base; path = Base.lproj/DriverMain.storyboard; sourceTree = "<group>"; };
		05A83CB32338B9BB00E3E1F5 /* Assets.xcassets */ = {isa = PBXFileReference; lastKnownFileType = folder.assetcatalog; path = Assets.xcassets; sourceTree = "<group>"; };
		05A83CB62338B9BB00E3E1F5 /* Base */ = {isa = PBXFileReference; lastKnownFileType = file.storyboard; name = Base; path = Base.lproj/LaunchScreen.storyboard; sourceTree = "<group>"; };
		05A83CB82338B9BB00E3E1F5 /* Info.plist */ = {isa = PBXFileReference; lastKnownFileType = text.plist.xml; path = Info.plist; sourceTree = "<group>"; };
		05D108F42329678F0098E286 /* HomeCollectionViewCell.swift */ = {isa = PBXFileReference; lastKnownFileType = sourcecode.swift; path = HomeCollectionViewCell.swift; sourceTree = "<group>"; };
		05D108F623296CB80098E286 /* TourListViewModel.swift */ = {isa = PBXFileReference; lastKnownFileType = sourcecode.swift; path = TourListViewModel.swift; sourceTree = "<group>"; };
		05D108F823296CCD0098E286 /* Tour.swift */ = {isa = PBXFileReference; lastKnownFileType = sourcecode.swift; path = Tour.swift; sourceTree = "<group>"; };
		05D108FA23296CDA0098E286 /* Place.swift */ = {isa = PBXFileReference; lastKnownFileType = sourcecode.swift; path = Place.swift; sourceTree = "<group>"; };
		05D108FD23296E360098E286 /* ToursDownloader.swift */ = {isa = PBXFileReference; lastKnownFileType = sourcecode.swift; path = ToursDownloader.swift; sourceTree = "<group>"; };
		05D108FF232A881C0098E286 /* PlaceDownloader.swift */ = {isa = PBXFileReference; lastKnownFileType = sourcecode.swift; path = PlaceDownloader.swift; sourceTree = "<group>"; };
		05D19D9E233A4EDC00165FE0 /* HomeCollectionViewCell+CollectionView.swift */ = {isa = PBXFileReference; lastKnownFileType = sourcecode.swift; path = "HomeCollectionViewCell+CollectionView.swift"; sourceTree = "<group>"; };
		05F46A0B23425EC600DD5482 /* TripViewModel.swift */ = {isa = PBXFileReference; lastKnownFileType = sourcecode.swift; path = TripViewModel.swift; sourceTree = "<group>"; };
		05F46A0D23425FF800DD5482 /* TripUploader.swift */ = {isa = PBXFileReference; lastKnownFileType = sourcecode.swift; path = TripUploader.swift; sourceTree = "<group>"; };
		19192F6D6C0C27AF3252BB38 /* Pods-TravelApp Driver.debug.xcconfig */ = {isa = PBXFileReference; includeInIndex = 1; lastKnownFileType = text.xcconfig; name = "Pods-TravelApp Driver.debug.xcconfig"; path = "Target Support Files/Pods-TravelApp Driver/Pods-TravelApp Driver.debug.xcconfig"; sourceTree = "<group>"; };
		4ACB277EDA6AE5E50622D3EE /* Pods_TravelApp_Driver.framework */ = {isa = PBXFileReference; explicitFileType = wrapper.framework; includeInIndex = 0; path = Pods_TravelApp_Driver.framework; sourceTree = BUILT_PRODUCTS_DIR; };
		639C197BC5CD5D532ABC1F20 /* Pods_TravelApp.framework */ = {isa = PBXFileReference; explicitFileType = wrapper.framework; includeInIndex = 0; path = Pods_TravelApp.framework; sourceTree = BUILT_PRODUCTS_DIR; };
		75B350F9EB3512EF89B62411 /* Pods-TravelApp Driver.release.xcconfig */ = {isa = PBXFileReference; includeInIndex = 1; lastKnownFileType = text.xcconfig; name = "Pods-TravelApp Driver.release.xcconfig"; path = "Target Support Files/Pods-TravelApp Driver/Pods-TravelApp Driver.release.xcconfig"; sourceTree = "<group>"; };
		EAB260F0DD2857AD70B5A3F1 /* Pods-TravelApp.release.xcconfig */ = {isa = PBXFileReference; includeInIndex = 1; lastKnownFileType = text.xcconfig; name = "Pods-TravelApp.release.xcconfig"; path = "Target Support Files/Pods-TravelApp/Pods-TravelApp.release.xcconfig"; sourceTree = "<group>"; };
		F03C5706BBC77942F468D8A9 /* Pods-TravelApp.debug.xcconfig */ = {isa = PBXFileReference; includeInIndex = 1; lastKnownFileType = text.xcconfig; name = "Pods-TravelApp.debug.xcconfig"; path = "Target Support Files/Pods-TravelApp/Pods-TravelApp.debug.xcconfig"; sourceTree = "<group>"; };
		FE17D79C232CB7AF0054A389 /* EmptyViewController.swift */ = {isa = PBXFileReference; lastKnownFileType = sourcecode.swift; path = EmptyViewController.swift; sourceTree = "<group>"; };
		FE17D79E232CBDF00054A389 /* AttractionTableViewCell.swift */ = {isa = PBXFileReference; lastKnownFileType = sourcecode.swift; path = AttractionTableViewCell.swift; sourceTree = "<group>"; };
		FE17D7A0232CDE270054A389 /* CustomTour.swift */ = {isa = PBXFileReference; lastKnownFileType = sourcecode.swift; path = CustomTour.swift; sourceTree = "<group>"; };
		FE17D7A2232CDFBF0054A389 /* PlaceListViewModel.swift */ = {isa = PBXFileReference; lastKnownFileType = sourcecode.swift; path = PlaceListViewModel.swift; sourceTree = "<group>"; };
		FE17D7A4232D1C7C0054A389 /* PlaceViewModel.swift */ = {isa = PBXFileReference; lastKnownFileType = sourcecode.swift; path = PlaceViewModel.swift; sourceTree = "<group>"; };
		FE23137A2334DBD5003E28F0 /* CustomTourVC+CollectionView.swift */ = {isa = PBXFileReference; lastKnownFileType = sourcecode.swift; path = "CustomTourVC+CollectionView.swift"; sourceTree = "<group>"; };
		FE23137C2334EBA6003E28F0 /* SelectedPlacesCollectionViewCell.swift */ = {isa = PBXFileReference; lastKnownFileType = sourcecode.swift; path = SelectedPlacesCollectionViewCell.swift; sourceTree = "<group>"; };
		FE23137F2334F7F3003E28F0 /* AttractionTableViewCellDelegate.swift */ = {isa = PBXFileReference; lastKnownFileType = sourcecode.swift; path = AttractionTableViewCellDelegate.swift; sourceTree = "<group>"; };
		FE3A7A742323B3BD00517B4E /* HomeViewController.swift */ = {isa = PBXFileReference; lastKnownFileType = sourcecode.swift; path = HomeViewController.swift; sourceTree = "<group>"; };
		FE71BB2B231EC95A003AE340 /* TravelApp.app */ = {isa = PBXFileReference; explicitFileType = wrapper.application; includeInIndex = 0; path = TravelApp.app; sourceTree = BUILT_PRODUCTS_DIR; };
		FE71BB2E231EC95A003AE340 /* AppDelegate.swift */ = {isa = PBXFileReference; lastKnownFileType = sourcecode.swift; path = AppDelegate.swift; sourceTree = "<group>"; };
		FE71BB33231EC95A003AE340 /* Base */ = {isa = PBXFileReference; lastKnownFileType = file.storyboard; name = Base; path = Base.lproj/Main.storyboard; sourceTree = "<group>"; };
		FE71BB35231EC95B003AE340 /* Assets.xcassets */ = {isa = PBXFileReference; lastKnownFileType = folder.assetcatalog; path = Assets.xcassets; sourceTree = "<group>"; };
		FE71BB38231EC95B003AE340 /* Base */ = {isa = PBXFileReference; lastKnownFileType = file.storyboard; name = Base; path = Base.lproj/LaunchScreen.storyboard; sourceTree = "<group>"; };
		FE71BB3A231EC95B003AE340 /* Info.plist */ = {isa = PBXFileReference; lastKnownFileType = text.plist.xml; path = Info.plist; sourceTree = "<group>"; };
		FE84A250233F4ED50084E314 /* TourOverviewViewController.swift */ = {isa = PBXFileReference; lastKnownFileType = sourcecode.swift; path = TourOverviewViewController.swift; sourceTree = "<group>"; };
		FE84A253233F68870084E314 /* PlaceOverviewTableViewCell.swift */ = {isa = PBXFileReference; lastKnownFileType = sourcecode.swift; path = PlaceOverviewTableViewCell.swift; sourceTree = "<group>"; };
		FE84A256233F88120084E314 /* DescriptionViewController.swift */ = {isa = PBXFileReference; lastKnownFileType = sourcecode.swift; path = DescriptionViewController.swift; sourceTree = "<group>"; };
		FE92409A2322A36D0044594E /* GoogleService-Info.plist */ = {isa = PBXFileReference; fileEncoding = 4; lastKnownFileType = text.plist.xml; name = "GoogleService-Info.plist"; path = "../GoogleService-Info.plist"; sourceTree = "<group>"; };
		FE9240A02322AB770044594E /* SignInViewController.swift */ = {isa = PBXFileReference; lastKnownFileType = sourcecode.swift; path = SignInViewController.swift; sourceTree = "<group>"; };
		FE9240A22322AB800044594E /* SignUpViewController.swift */ = {isa = PBXFileReference; lastKnownFileType = sourcecode.swift; path = SignUpViewController.swift; sourceTree = "<group>"; };
		FE9551D42331499C00467527 /* TourViewModel.swift */ = {isa = PBXFileReference; lastKnownFileType = sourcecode.swift; path = TourViewModel.swift; sourceTree = "<group>"; };
		FE95EE12232A37FF00AA9393 /* CustomTourViewController.swift */ = {isa = PBXFileReference; lastKnownFileType = sourcecode.swift; path = CustomTourViewController.swift; sourceTree = "<group>"; };
		FEC00A30233751A9006B86CE /* TriangleButton.swift */ = {isa = PBXFileReference; lastKnownFileType = sourcecode.swift; path = TriangleButton.swift; sourceTree = "<group>"; };
		FEC00A3423387AE3006B86CE /* SelectedPlacesCollectionViewCellDelegate.swift */ = {isa = PBXFileReference; lastKnownFileType = sourcecode.swift; path = SelectedPlacesCollectionViewCellDelegate.swift; sourceTree = "<group>"; };
/* End PBXFileReference section */

/* Begin PBXFrameworksBuildPhase section */
		05A83CA72338B9B600E3E1F5 /* Frameworks */ = {
			isa = PBXFrameworksBuildPhase;
			buildActionMask = 2147483647;
			files = (
				A52B7AC393DD6D63C2062573 /* Pods_TravelApp_Driver.framework in Frameworks */,
			);
			runOnlyForDeploymentPostprocessing = 0;
		};
		FE71BB28231EC95A003AE340 /* Frameworks */ = {
			isa = PBXFrameworksBuildPhase;
			buildActionMask = 2147483647;
			files = (
				A4997D9F2BA3E000EC40D739 /* Pods_TravelApp.framework in Frameworks */,
			);
			runOnlyForDeploymentPostprocessing = 0;
		};
/* End PBXFrameworksBuildPhase section */

/* Begin PBXGroup section */
		0512BB5E2323F8B60025951D /* Helpers */ = {
			isa = PBXGroup;
			children = (
				0512BB5F2323F8E20025951D /* Utilities.swift */,
			);
			path = Helpers;
			sourceTree = "<group>";
		};
		0512BB86232678180025951D /* Storyboards */ = {
			isa = PBXGroup;
			children = (
				FE71BB32231EC95A003AE340 /* Main.storyboard */,
				0512BB8B232678CE0025951D /* HomeScreen.storyboard */,
				FE71BB37231EC95B003AE340 /* LaunchScreen.storyboard */,
			);
			path = Storyboards;
			sourceTree = "<group>";
		};
		0512BB872326782E0025951D /* View */ = {
			isa = PBXGroup;
			children = (
				FE92409D2322AB260044594E /* Registration */,
				0512BB8A232678790025951D /* HomeScreen */,
				05A5F7CB232BD4EF00834CE3 /* Favorites */,
				FE95EE0F232A378500AA9393 /* AddTourScreen */,
				FE84A24F233F4E980084E314 /* TourOverview */,
			);
			path = View;
			sourceTree = "<group>";
		};
		0512BB88232678340025951D /* Model */ = {
			isa = PBXGroup;
			children = (
				0512BB8D23267CE80025951D /* User.swift */,
				05D108F823296CCD0098E286 /* Tour.swift */,
				05D108FA23296CDA0098E286 /* Place.swift */,
				FE17D7A0232CDE270054A389 /* CustomTour.swift */,
			);
			path = Model;
			sourceTree = "<group>";
		};
		0512BB892326783A0025951D /* ViewModel */ = {
			isa = PBXGroup;
			children = (
				FE17D7A6232D1C830054A389 /* CellViewModel */,
				0512BB9023267E7F0025951D /* UserViewModel.swift */,
				05D108F623296CB80098E286 /* TourListViewModel.swift */,
				FE17D7A2232CDFBF0054A389 /* PlaceListViewModel.swift */,
			);
			path = ViewModel;
			sourceTree = "<group>";
		};
		0512BB8A232678790025951D /* HomeScreen */ = {
			isa = PBXGroup;
			children = (
				05A5F7C5232BD24B00834CE3 /* Protocols */,
				05D108F32329675E0098E286 /* Cell */,
				0512BB96232902D60025951D /* Controller */,
				05A5F7D9232EAAEE00834CE3 /* Extensions */,
			);
			path = HomeScreen;
			sourceTree = "<group>";
		};
		0512BB8F23267D9B0025951D /* Service */ = {
			isa = PBXGroup;
			children = (
				0512BB9223267FFA0025951D /* Registration.swift */,
				05D108FD23296E360098E286 /* ToursDownloader.swift */,
				05D108FF232A881C0098E286 /* PlaceDownloader.swift */,
				05A5F7D2232D6D5400834CE3 /* PlaceListDownloader.swift */,
				0506ADA323323FC800894EF6 /* ImageDownloader.swift */,
				05F46A0D23425FF800DD5482 /* TripUploader.swift */,
			);
			path = Service;
			sourceTree = "<group>";
		};
		0512BB95232902C50025951D /* Controller */ = {
			isa = PBXGroup;
			children = (
				FE9240A02322AB770044594E /* SignInViewController.swift */,
				FE9240A22322AB800044594E /* SignUpViewController.swift */,
			);
			path = Controller;
			sourceTree = "<group>";
		};
		0512BB96232902D60025951D /* Controller */ = {
			isa = PBXGroup;
			children = (
				FE3A7A742323B3BD00517B4E /* HomeViewController.swift */,
			);
			name = Controller;
			sourceTree = "<group>";
		};
		052E779223391EA700CF02F2 /* Orders */ = {
			isa = PBXGroup;
			children = (
				052E779423391EBF00CF02F2 /* Cell */,
				052E779323391EB300CF02F2 /* Controllers */,
				052E77992339202200CF02F2 /* Extensions */,
			);
			path = Orders;
			sourceTree = "<group>";
		};
		052E779323391EB300CF02F2 /* Controllers */ = {
			isa = PBXGroup;
			children = (
				052E779523391EDD00CF02F2 /* OrdersViewController.swift */,
			);
			path = Controllers;
			sourceTree = "<group>";
		};
		052E779423391EBF00CF02F2 /* Cell */ = {
			isa = PBXGroup;
			children = (
				052E779723391F0D00CF02F2 /* OrderTableViewCell.swift */,
			);
			path = Cell;
			sourceTree = "<group>";
		};
		052E77992339202200CF02F2 /* Extensions */ = {
			isa = PBXGroup;
			children = (
				052E779A2339205000CF02F2 /* OrdersViewController+TableViewDataSource.swift */,
			);
			path = Extensions;
			sourceTree = "<group>";
		};
		052E779D233A3B8B00CF02F2 /* HomeScreen */ = {
			isa = PBXGroup;
			children = (
				052E77A0233A3BC000CF02F2 /* Cell */,
				052E779F233A3BB800CF02F2 /* Controller */,
				052E779E233A3BAD00CF02F2 /* Extensions */,
			);
			path = HomeScreen;
			sourceTree = "<group>";
		};
		052E779E233A3BAD00CF02F2 /* Extensions */ = {
			isa = PBXGroup;
			children = (
				052E77A5233A3EA400CF02F2 /* HomeViewController+CollectionView.swift */,
			);
			path = Extensions;
			sourceTree = "<group>";
		};
		052E779F233A3BB800CF02F2 /* Controller */ = {
			isa = PBXGroup;
			children = (
				052E77A1233A3BE700CF02F2 /* HomeViewController.swift */,
			);
			path = Controller;
			sourceTree = "<group>";
		};
		052E77A0233A3BC000CF02F2 /* Cell */ = {
			isa = PBXGroup;
			children = (
				052E77A3233A3C0B00CF02F2 /* HomeCollectionViewCell.swift */,
			);
			path = Cell;
			sourceTree = "<group>";
		};
		05A5F7C5232BD24B00834CE3 /* Protocols */ = {
			isa = PBXGroup;
			children = (
				05A5F7D7232EA97A00834CE3 /* HomeCollectionViewCellDelegate.swift */,
				05A5F7DC232EDBA600834CE3 /* HomeViewControllerDelegate.swift */,
			);
			name = Protocols;
			sourceTree = "<group>";
		};
		05A5F7CB232BD4EF00834CE3 /* Favorites */ = {
			isa = PBXGroup;
			children = (
				05A5F7CD232BD51B00834CE3 /* Cell */,
				05A5F7CC232BD51200834CE3 /* Controller */,
				05A5F7E0232EDC5700834CE3 /* Extensions */,
			);
			path = Favorites;
			sourceTree = "<group>";
		};
		05A5F7CC232BD51200834CE3 /* Controller */ = {
			isa = PBXGroup;
			children = (
				05A5F7CE232BD56100834CE3 /* FavoritesViewController.swift */,
			);
			path = Controller;
			sourceTree = "<group>";
		};
		05A5F7CD232BD51B00834CE3 /* Cell */ = {
			isa = PBXGroup;
			children = (
			);
			path = Cell;
			sourceTree = "<group>";
		};
		05A5F7D9232EAAEE00834CE3 /* Extensions */ = {
			isa = PBXGroup;
			children = (
				05A5F7DA232EAB7500834CE3 /* HomeVC+HomeCVCellDelegate.swift */,
			);
			name = Extensions;
			sourceTree = "<group>";
		};
		05A5F7E0232EDC5700834CE3 /* Extensions */ = {
			isa = PBXGroup;
			children = (
				05A5F7E1232EDCA500834CE3 /* FavoriteVC+HomeVCDelegate.swift */,
				05A5F7E3232EED3200834CE3 /* FavoriteVC+HomeCollectionViewCellDelegate.swift */,
			);
			path = Extensions;
			sourceTree = "<group>";
		};
		05A83CAB2338B9B700E3E1F5 /* TravelApp Driver */ = {
			isa = PBXGroup;
			children = (
				05A83CBD2338BD8B00E3E1F5 /* View */,
				05A83CBE2338BD9200E3E1F5 /* ViewModel */,
				05A83CBF2338BD9A00E3E1F5 /* Storyboards */,
				05A83CC02338BDA500E3E1F5 /* Resourses */,
				05A83CB82338B9BB00E3E1F5 /* Info.plist */,
			);
			path = "TravelApp Driver";
			sourceTree = "<group>";
		};
		05A83CBD2338BD8B00E3E1F5 /* View */ = {
			isa = PBXGroup;
			children = (
				052E779D233A3B8B00CF02F2 /* HomeScreen */,
				052E779223391EA700CF02F2 /* Orders */,
			);
			path = View;
			sourceTree = "<group>";
		};
		05A83CBE2338BD9200E3E1F5 /* ViewModel */ = {
			isa = PBXGroup;
			children = (
			);
			path = ViewModel;
			sourceTree = "<group>";
		};
		05A83CBF2338BD9A00E3E1F5 /* Storyboards */ = {
			isa = PBXGroup;
			children = (
				05A83CB02338B9B700E3E1F5 /* DriverMain.storyboard */,
				05A83CB52338B9BB00E3E1F5 /* LaunchScreen.storyboard */,
			);
			path = Storyboards;
			sourceTree = "<group>";
		};
		05A83CC02338BDA500E3E1F5 /* Resourses */ = {
			isa = PBXGroup;
			children = (
				05A83CAC2338B9B700E3E1F5 /* AppDelegate.swift */,
				05A83CB32338B9BB00E3E1F5 /* Assets.xcassets */,
			);
			path = Resourses;
			sourceTree = "<group>";
		};
		05D108F32329675E0098E286 /* Cell */ = {
			isa = PBXGroup;
			children = (
				05D19D9D233A4EB400165FE0 /* Extension */,
				05D108F42329678F0098E286 /* HomeCollectionViewCell.swift */,
				05A83CA42337EDE100E3E1F5 /* TourPlacesCollectionViewCell.swift */,
			);
			name = Cell;
			sourceTree = "<group>";
		};
		05D19D9D233A4EB400165FE0 /* Extension */ = {
			isa = PBXGroup;
			children = (
				05D19D9E233A4EDC00165FE0 /* HomeCollectionViewCell+CollectionView.swift */,
			);
			name = Extension;
			sourceTree = "<group>";
		};
		369608D8D31B36C4CF83282D /* Frameworks */ = {
			isa = PBXGroup;
			children = (
				639C197BC5CD5D532ABC1F20 /* Pods_TravelApp.framework */,
				4ACB277EDA6AE5E50622D3EE /* Pods_TravelApp_Driver.framework */,
			);
			name = Frameworks;
			sourceTree = "<group>";
		};
		B77CE80DC6538C467050BE41 /* Pods */ = {
			isa = PBXGroup;
			children = (
				F03C5706BBC77942F468D8A9 /* Pods-TravelApp.debug.xcconfig */,
				EAB260F0DD2857AD70B5A3F1 /* Pods-TravelApp.release.xcconfig */,
				19192F6D6C0C27AF3252BB38 /* Pods-TravelApp Driver.debug.xcconfig */,
				75B350F9EB3512EF89B62411 /* Pods-TravelApp Driver.release.xcconfig */,
			);
			path = Pods;
			sourceTree = "<group>";
		};
		FE17D7A6232D1C830054A389 /* CellViewModel */ = {
			isa = PBXGroup;
			children = (
				FE17D7A4232D1C7C0054A389 /* PlaceViewModel.swift */,
				FE9551D42331499C00467527 /* TourViewModel.swift */,
				05F46A0B23425EC600DD5482 /* TripViewModel.swift */,
			);
			path = CellViewModel;
			sourceTree = "<group>";
		};
		FE2313792334DB51003E28F0 /* Extensions */ = {
			isa = PBXGroup;
			children = (
				FE23137A2334DBD5003E28F0 /* CustomTourVC+CollectionView.swift */,
			);
			path = Extensions;
			sourceTree = "<group>";
		};
		FE23137E2334F7E1003E28F0 /* Protocols */ = {
			isa = PBXGroup;
			children = (
				FE23137F2334F7F3003E28F0 /* AttractionTableViewCellDelegate.swift */,
				FEC00A3423387AE3006B86CE /* SelectedPlacesCollectionViewCellDelegate.swift */,
			);
			path = Protocols;
			sourceTree = "<group>";
		};
		FE71BB22231EC95A003AE340 = {
			isa = PBXGroup;
			children = (
				FE71BB2D231EC95A003AE340 /* TravelApp */,
				05A83CAB2338B9B700E3E1F5 /* TravelApp Driver */,
				FE71BB2C231EC95A003AE340 /* Products */,
				B77CE80DC6538C467050BE41 /* Pods */,
				369608D8D31B36C4CF83282D /* Frameworks */,
			);
			sourceTree = "<group>";
		};
		FE71BB2C231EC95A003AE340 /* Products */ = {
			isa = PBXGroup;
			children = (
				FE71BB2B231EC95A003AE340 /* TravelApp.app */,
				05A83CAA2338B9B600E3E1F5 /* TravelApp Driver.app */,
			);
			name = Products;
			sourceTree = "<group>";
		};
		FE71BB2D231EC95A003AE340 /* TravelApp */ = {
			isa = PBXGroup;
			children = (
				FEC00A2F2337511C006B86CE /* CustomElements */,
				0512BB5E2323F8B60025951D /* Helpers */,
				0512BB8F23267D9B0025951D /* Service */,
				0512BB88232678340025951D /* Model */,
				0512BB872326782E0025951D /* View */,
				0512BB892326783A0025951D /* ViewModel */,
				0512BB86232678180025951D /* Storyboards */,
				FE92409C2322AAD90044594E /* Resources */,
				FE71BB3A231EC95B003AE340 /* Info.plist */,
				FE92409A2322A36D0044594E /* GoogleService-Info.plist */,
			);
			path = TravelApp;
			sourceTree = "<group>";
		};
		FE84A24F233F4E980084E314 /* TourOverview */ = {
			isa = PBXGroup;
			children = (
				FE84A255233F688C0084E314 /* Cell */,
				FE84A252233F4EDA0084E314 /* Controllers */,
			);
			path = TourOverview;
			sourceTree = "<group>";
		};
		FE84A252233F4EDA0084E314 /* Controllers */ = {
			isa = PBXGroup;
			children = (
				FE84A250233F4ED50084E314 /* TourOverviewViewController.swift */,
				FE84A256233F88120084E314 /* DescriptionViewController.swift */,
			);
			path = Controllers;
			sourceTree = "<group>";
		};
		FE84A255233F688C0084E314 /* Cell */ = {
			isa = PBXGroup;
			children = (
				FE84A253233F68870084E314 /* PlaceOverviewTableViewCell.swift */,
			);
			path = Cell;
			sourceTree = "<group>";
		};
		FE92409C2322AAD90044594E /* Resources */ = {
			isa = PBXGroup;
			children = (
				FE71BB2E231EC95A003AE340 /* AppDelegate.swift */,
				FE71BB35231EC95B003AE340 /* Assets.xcassets */,
			);
			path = Resources;
			sourceTree = "<group>";
		};
		FE92409D2322AB260044594E /* Registration */ = {
			isa = PBXGroup;
			children = (
				0512BB95232902C50025951D /* Controller */,
			);
			path = Registration;
			sourceTree = "<group>";
		};
		FE95EE0F232A378500AA9393 /* AddTourScreen */ = {
			isa = PBXGroup;
			children = (
				FE23137E2334F7E1003E28F0 /* Protocols */,
				FE95EE10232A37B800AA9393 /* Cell */,
				FE2313792334DB51003E28F0 /* Extensions */,
				FE95EE11232A37D200AA9393 /* Controllers */,
			);
			path = AddTourScreen;
			sourceTree = "<group>";
		};
		FE95EE10232A37B800AA9393 /* Cell */ = {
			isa = PBXGroup;
			children = (
				FE17D79E232CBDF00054A389 /* AttractionTableViewCell.swift */,
				FE23137C2334EBA6003E28F0 /* SelectedPlacesCollectionViewCell.swift */,
			);
			path = Cell;
			sourceTree = "<group>";
		};
		FE95EE11232A37D200AA9393 /* Controllers */ = {
			isa = PBXGroup;
			children = (
				FE95EE12232A37FF00AA9393 /* CustomTourViewController.swift */,
				FE17D79C232CB7AF0054A389 /* EmptyViewController.swift */,
			);
			path = Controllers;
			sourceTree = "<group>";
		};
		FEC00A2F2337511C006B86CE /* CustomElements */ = {
			isa = PBXGroup;
			children = (
				FEC00A30233751A9006B86CE /* TriangleButton.swift */,
			);
			path = CustomElements;
			sourceTree = "<group>";
		};
/* End PBXGroup section */

/* Begin PBXNativeTarget section */
		05A83CA92338B9B600E3E1F5 /* TravelApp Driver */ = {
			isa = PBXNativeTarget;
			buildConfigurationList = 05A83CBB2338B9BB00E3E1F5 /* Build configuration list for PBXNativeTarget "TravelApp Driver" */;
			buildPhases = (
				476653AE594AE8CF2C360123 /* [CP] Check Pods Manifest.lock */,
				05A83CA62338B9B600E3E1F5 /* Sources */,
				05A83CA72338B9B600E3E1F5 /* Frameworks */,
				05A83CA82338B9B600E3E1F5 /* Resources */,
				2AFE6E560DEFD0B58D43DE63 /* [CP] Embed Pods Frameworks */,
			);
			buildRules = (
			);
			dependencies = (
			);
			name = "TravelApp Driver";
			productName = "TravelApp Driver";
			productReference = 05A83CAA2338B9B600E3E1F5 /* TravelApp Driver.app */;
			productType = "com.apple.product-type.application";
		};
		FE71BB2A231EC95A003AE340 /* TravelApp */ = {
			isa = PBXNativeTarget;
			buildConfigurationList = FE71BB3D231EC95B003AE340 /* Build configuration list for PBXNativeTarget "TravelApp" */;
			buildPhases = (
				29F3416624E13DE11281B80A /* [CP] Check Pods Manifest.lock */,
				FE71BB27231EC95A003AE340 /* Sources */,
				FE71BB28231EC95A003AE340 /* Frameworks */,
				FE71BB29231EC95A003AE340 /* Resources */,
				4B5709A1EC8E0FD7D4FFEAFE /* [CP] Embed Pods Frameworks */,
			);
			buildRules = (
			);
			dependencies = (
			);
			name = TravelApp;
			productName = TravelApp;
			productReference = FE71BB2B231EC95A003AE340 /* TravelApp.app */;
			productType = "com.apple.product-type.application";
		};
/* End PBXNativeTarget section */

/* Begin PBXProject section */
		FE71BB23231EC95A003AE340 /* Project object */ = {
			isa = PBXProject;
			attributes = {
				LastSwiftUpdateCheck = 1030;
				LastUpgradeCheck = 1030;
				ORGANIZATIONNAME = "Eric Hovhannisyan";
				TargetAttributes = {
					05A83CA92338B9B600E3E1F5 = {
						CreatedOnToolsVersion = 10.3;
					};
					FE71BB2A231EC95A003AE340 = {
						CreatedOnToolsVersion = 10.3;
					};
				};
			};
			buildConfigurationList = FE71BB26231EC95A003AE340 /* Build configuration list for PBXProject "TravelApp" */;
			compatibilityVersion = "Xcode 9.3";
			developmentRegion = en;
			hasScannedForEncodings = 0;
			knownRegions = (
				en,
				Base,
			);
			mainGroup = FE71BB22231EC95A003AE340;
			productRefGroup = FE71BB2C231EC95A003AE340 /* Products */;
			projectDirPath = "";
			projectRoot = "";
			targets = (
				FE71BB2A231EC95A003AE340 /* TravelApp */,
				05A83CA92338B9B600E3E1F5 /* TravelApp Driver */,
			);
		};
/* End PBXProject section */

/* Begin PBXResourcesBuildPhase section */
		05A83CA82338B9B600E3E1F5 /* Resources */ = {
			isa = PBXResourcesBuildPhase;
			buildActionMask = 2147483647;
			files = (
				05A83CB72338B9BB00E3E1F5 /* LaunchScreen.storyboard in Resources */,
				05A83CB42338B9BB00E3E1F5 /* Assets.xcassets in Resources */,
				05F46A08234223F000DD5482 /* GoogleService-Info.plist in Resources */,
				05A83CB22338B9B700E3E1F5 /* DriverMain.storyboard in Resources */,
				05F46A052342220400DD5482 /* Main.storyboard in Resources */,
			);
			runOnlyForDeploymentPostprocessing = 0;
		};
		FE71BB29231EC95A003AE340 /* Resources */ = {
			isa = PBXResourcesBuildPhase;
			buildActionMask = 2147483647;
			files = (
				0512BB8C232678CE0025951D /* HomeScreen.storyboard in Resources */,
				FE71BB39231EC95B003AE340 /* LaunchScreen.storyboard in Resources */,
				FE92409B2322A36D0044594E /* GoogleService-Info.plist in Resources */,
				FE71BB36231EC95B003AE340 /* Assets.xcassets in Resources */,
				FE71BB34231EC95A003AE340 /* Main.storyboard in Resources */,
			);
			runOnlyForDeploymentPostprocessing = 0;
		};
/* End PBXResourcesBuildPhase section */

/* Begin PBXShellScriptBuildPhase section */
		29F3416624E13DE11281B80A /* [CP] Check Pods Manifest.lock */ = {
			isa = PBXShellScriptBuildPhase;
			buildActionMask = 2147483647;
			files = (
			);
			inputFileListPaths = (
			);
			inputPaths = (
				"${PODS_PODFILE_DIR_PATH}/Podfile.lock",
				"${PODS_ROOT}/Manifest.lock",
			);
			name = "[CP] Check Pods Manifest.lock";
			outputFileListPaths = (
			);
			outputPaths = (
				"$(DERIVED_FILE_DIR)/Pods-TravelApp-checkManifestLockResult.txt",
			);
			runOnlyForDeploymentPostprocessing = 0;
			shellPath = /bin/sh;
			shellScript = "diff \"${PODS_PODFILE_DIR_PATH}/Podfile.lock\" \"${PODS_ROOT}/Manifest.lock\" > /dev/null\nif [ $? != 0 ] ; then\n    # print error to STDERR\n    echo \"error: The sandbox is not in sync with the Podfile.lock. Run 'pod install' or update your CocoaPods installation.\" >&2\n    exit 1\nfi\n# This output is used by Xcode 'outputs' to avoid re-running this script phase.\necho \"SUCCESS\" > \"${SCRIPT_OUTPUT_FILE_0}\"\n";
			showEnvVarsInLog = 0;
		};
		2AFE6E560DEFD0B58D43DE63 /* [CP] Embed Pods Frameworks */ = {
			isa = PBXShellScriptBuildPhase;
			buildActionMask = 2147483647;
			files = (
			);
			inputFileListPaths = (
				"${PODS_ROOT}/Target Support Files/Pods-TravelApp Driver/Pods-TravelApp Driver-frameworks-${CONFIGURATION}-input-files.xcfilelist",
			);
			name = "[CP] Embed Pods Frameworks";
			outputFileListPaths = (
				"${PODS_ROOT}/Target Support Files/Pods-TravelApp Driver/Pods-TravelApp Driver-frameworks-${CONFIGURATION}-output-files.xcfilelist",
			);
			runOnlyForDeploymentPostprocessing = 0;
			shellPath = /bin/sh;
			shellScript = "\"${PODS_ROOT}/Target Support Files/Pods-TravelApp Driver/Pods-TravelApp Driver-frameworks.sh\"\n";
			showEnvVarsInLog = 0;
		};
		476653AE594AE8CF2C360123 /* [CP] Check Pods Manifest.lock */ = {
			isa = PBXShellScriptBuildPhase;
			buildActionMask = 2147483647;
			files = (
			);
			inputFileListPaths = (
			);
			inputPaths = (
				"${PODS_PODFILE_DIR_PATH}/Podfile.lock",
				"${PODS_ROOT}/Manifest.lock",
			);
			name = "[CP] Check Pods Manifest.lock";
			outputFileListPaths = (
			);
			outputPaths = (
				"$(DERIVED_FILE_DIR)/Pods-TravelApp Driver-checkManifestLockResult.txt",
			);
			runOnlyForDeploymentPostprocessing = 0;
			shellPath = /bin/sh;
			shellScript = "diff \"${PODS_PODFILE_DIR_PATH}/Podfile.lock\" \"${PODS_ROOT}/Manifest.lock\" > /dev/null\nif [ $? != 0 ] ; then\n    # print error to STDERR\n    echo \"error: The sandbox is not in sync with the Podfile.lock. Run 'pod install' or update your CocoaPods installation.\" >&2\n    exit 1\nfi\n# This output is used by Xcode 'outputs' to avoid re-running this script phase.\necho \"SUCCESS\" > \"${SCRIPT_OUTPUT_FILE_0}\"\n";
			showEnvVarsInLog = 0;
		};
		4B5709A1EC8E0FD7D4FFEAFE /* [CP] Embed Pods Frameworks */ = {
			isa = PBXShellScriptBuildPhase;
			buildActionMask = 2147483647;
			files = (
			);
			inputFileListPaths = (
				"${PODS_ROOT}/Target Support Files/Pods-TravelApp/Pods-TravelApp-frameworks-${CONFIGURATION}-input-files.xcfilelist",
			);
			name = "[CP] Embed Pods Frameworks";
			outputFileListPaths = (
				"${PODS_ROOT}/Target Support Files/Pods-TravelApp/Pods-TravelApp-frameworks-${CONFIGURATION}-output-files.xcfilelist",
			);
			runOnlyForDeploymentPostprocessing = 0;
			shellPath = /bin/sh;
			shellScript = "\"${PODS_ROOT}/Target Support Files/Pods-TravelApp/Pods-TravelApp-frameworks.sh\"\n";
			showEnvVarsInLog = 0;
		};
/* End PBXShellScriptBuildPhase section */

/* Begin PBXSourcesBuildPhase section */
		05A83CA62338B9B600E3E1F5 /* Sources */ = {
			isa = PBXSourcesBuildPhase;
			buildActionMask = 2147483647;
			files = (
				052E779B2339205000CF02F2 /* OrdersViewController+TableViewDataSource.swift in Sources */,
				052E779823391F0D00CF02F2 /* OrderTableViewCell.swift in Sources */,
				05F46A022342213D00DD5482 /* Utilities.swift in Sources */,
				052E77A6233A3EA400CF02F2 /* HomeViewController+CollectionView.swift in Sources */,
				05F46A032342214200DD5482 /* Registration.swift in Sources */,
				052E77A2233A3BE700CF02F2 /* HomeViewController.swift in Sources */,
				054D6E622342126500577C5E /* SignInViewController.swift in Sources */,
				052E77A4233A3C0B00CF02F2 /* HomeCollectionViewCell.swift in Sources */,
				052E779623391EDD00CF02F2 /* OrdersViewController.swift in Sources */,
				05F46A002342211200DD5482 /* UserViewModel.swift in Sources */,
				05F46A012342213500DD5482 /* User.swift in Sources */,
				05A83CAD2338B9B700E3E1F5 /* AppDelegate.swift in Sources */,
			);
			runOnlyForDeploymentPostprocessing = 0;
		};
		FE71BB27231EC95A003AE340 /* Sources */ = {
			isa = PBXSourcesBuildPhase;
			buildActionMask = 2147483647;
			files = (
				05D108F923296CCD0098E286 /* Tour.swift in Sources */,
				05D108FE23296E360098E286 /* ToursDownloader.swift in Sources */,
				FE9551CF232FD68200467527 /* FavoriteVC+HomeCollectionViewCellDelegate.swift in Sources */,
				FE17D7A1232CDE270054A389 /* CustomTour.swift in Sources */,
				05D19D9F233A4EDC00165FE0 /* HomeCollectionViewCell+CollectionView.swift in Sources */,
				FEC00A3523387AE3006B86CE /* SelectedPlacesCollectionViewCellDelegate.swift in Sources */,
				0512BB9323267FFA0025951D /* Registration.swift in Sources */,
				FE2313802334F7F3003E28F0 /* AttractionTableViewCellDelegate.swift in Sources */,
				05D108FB23296CDA0098E286 /* Place.swift in Sources */,
				FE17D7A3232CDFBF0054A389 /* PlaceListViewModel.swift in Sources */,
				05F46A0C23425EC600DD5482 /* TripViewModel.swift in Sources */,
				FE9240A32322AB800044594E /* SignUpViewController.swift in Sources */,
				0506ADA423323FC800894EF6 /* ImageDownloader.swift in Sources */,
				FE9551D0232FD69900467527 /* FavoritesViewController.swift in Sources */,
				0512BB8E23267CE80025951D /* User.swift in Sources */,
				FE84A257233F88120084E314 /* DescriptionViewController.swift in Sources */,
				FE17D79D232CB7AF0054A389 /* EmptyViewController.swift in Sources */,
				FE9551D2232FD70E00467527 /* HomeViewControllerDelegate.swift in Sources */,
				FE84A251233F4ED50084E314 /* TourOverviewViewController.swift in Sources */,
				FE17D79F232CBDF00054A389 /* AttractionTableViewCell.swift in Sources */,
				05F46A0E23425FF800DD5482 /* TripUploader.swift in Sources */,
				FE71BB2F231EC95A003AE340 /* AppDelegate.swift in Sources */,
				05D108F52329678F0098E286 /* HomeCollectionViewCell.swift in Sources */,
				0512BB602323F8E20025951D /* Utilities.swift in Sources */,
				05A5F7E2232EDCA500834CE3 /* FavoriteVC+HomeVCDelegate.swift in Sources */,
				FE23137D2334EBA6003E28F0 /* SelectedPlacesCollectionViewCell.swift in Sources */,
				FE2313782332820D003E28F0 /* CustomTourViewController.swift in Sources */,
				FE9551D52331499C00467527 /* TourViewModel.swift in Sources */,
				05A5F7D3232D6D5400834CE3 /* PlaceListDownloader.swift in Sources */,
				FE23137B2334DBD5003E28F0 /* CustomTourVC+CollectionView.swift in Sources */,
				FE9551D3232FD74C00467527 /* HomeVC+HomeCVCellDelegate.swift in Sources */,
				05A83CA52337EDE100E3E1F5 /* TourPlacesCollectionViewCell.swift in Sources */,
				FE9551D7233239F800467527 /* TourListViewModel.swift in Sources */,
				0512BB9123267E7F0025951D /* UserViewModel.swift in Sources */,
				FE17D7A5232D1C7C0054A389 /* PlaceViewModel.swift in Sources */,
				05D10900232A881C0098E286 /* PlaceDownloader.swift in Sources */,
				FE84A254233F68870084E314 /* PlaceOverviewTableViewCell.swift in Sources */,
				05F469FF234220F000DD5482 /* SignInViewController.swift in Sources */,
				FE9551D1232FD70B00467527 /* HomeCollectionViewCellDelegate.swift in Sources */,
				FE3A7A752323B3BD00517B4E /* HomeViewController.swift in Sources */,
				FEC00A31233751A9006B86CE /* TriangleButton.swift in Sources */,
			);
			runOnlyForDeploymentPostprocessing = 0;
		};
/* End PBXSourcesBuildPhase section */

/* Begin PBXVariantGroup section */
		05A83CB02338B9B700E3E1F5 /* DriverMain.storyboard */ = {
			isa = PBXVariantGroup;
			children = (
				05A83CB12338B9B700E3E1F5 /* Base */,
			);
			name = DriverMain.storyboard;
			sourceTree = "<group>";
		};
		05A83CB52338B9BB00E3E1F5 /* LaunchScreen.storyboard */ = {
			isa = PBXVariantGroup;
			children = (
				05A83CB62338B9BB00E3E1F5 /* Base */,
			);
			name = LaunchScreen.storyboard;
			sourceTree = "<group>";
		};
		FE71BB32231EC95A003AE340 /* Main.storyboard */ = {
			isa = PBXVariantGroup;
			children = (
				FE71BB33231EC95A003AE340 /* Base */,
			);
			name = Main.storyboard;
			sourceTree = "<group>";
		};
		FE71BB37231EC95B003AE340 /* LaunchScreen.storyboard */ = {
			isa = PBXVariantGroup;
			children = (
				FE71BB38231EC95B003AE340 /* Base */,
			);
			name = LaunchScreen.storyboard;
			sourceTree = "<group>";
		};
/* End PBXVariantGroup section */

/* Begin XCBuildConfiguration section */
		05A83CB92338B9BB00E3E1F5 /* Debug */ = {
			isa = XCBuildConfiguration;
			baseConfigurationReference = 19192F6D6C0C27AF3252BB38 /* Pods-TravelApp Driver.debug.xcconfig */;
			buildSettings = {
				ASSETCATALOG_COMPILER_APPICON_NAME = AppIcon;
				CODE_SIGN_STYLE = Automatic;
				DEVELOPMENT_TEAM = MD56F4Y23U;
				INFOPLIST_FILE = "TravelApp Driver/Info.plist";
				LD_RUNPATH_SEARCH_PATHS = (
					"$(inherited)",
					"@executable_path/Frameworks",
				);
				OTHER_SWIFT_FLAGS = "";
				"OTHER_SWIFT_FLAGS[arch=*]" = "-D Driver";
				PRODUCT_BUNDLE_IDENTIFIER = "-003.TravelApp-Driver";
				PRODUCT_NAME = "$(TARGET_NAME)";
				SWIFT_VERSION = 5.0;
				TARGETED_DEVICE_FAMILY = "1,2";
			};
			name = Debug;
		};
		05A83CBA2338B9BB00E3E1F5 /* Release */ = {
			isa = XCBuildConfiguration;
			baseConfigurationReference = 75B350F9EB3512EF89B62411 /* Pods-TravelApp Driver.release.xcconfig */;
			buildSettings = {
				ASSETCATALOG_COMPILER_APPICON_NAME = AppIcon;
				CODE_SIGN_STYLE = Automatic;
				DEVELOPMENT_TEAM = MD56F4Y23U;
				INFOPLIST_FILE = "TravelApp Driver/Info.plist";
				LD_RUNPATH_SEARCH_PATHS = (
					"$(inherited)",
					"@executable_path/Frameworks",
				);
				OTHER_SWIFT_FLAGS = "";
				"OTHER_SWIFT_FLAGS[arch=*]" = "-D Driver";
				PRODUCT_BUNDLE_IDENTIFIER = "-003.TravelApp-Driver";
				PRODUCT_NAME = "$(TARGET_NAME)";
				SWIFT_VERSION = 5.0;
				TARGETED_DEVICE_FAMILY = "1,2";
			};
			name = Release;
		};
		FE71BB3B231EC95B003AE340 /* Debug */ = {
			isa = XCBuildConfiguration;
			buildSettings = {
				ALWAYS_SEARCH_USER_PATHS = NO;
				CLANG_ANALYZER_NONNULL = YES;
				CLANG_ANALYZER_NUMBER_OBJECT_CONVERSION = YES_AGGRESSIVE;
				CLANG_CXX_LANGUAGE_STANDARD = "gnu++14";
				CLANG_CXX_LIBRARY = "libc++";
				CLANG_ENABLE_MODULES = YES;
				CLANG_ENABLE_OBJC_ARC = YES;
				CLANG_ENABLE_OBJC_WEAK = YES;
				CLANG_WARN_BLOCK_CAPTURE_AUTORELEASING = YES;
				CLANG_WARN_BOOL_CONVERSION = YES;
				CLANG_WARN_COMMA = YES;
				CLANG_WARN_CONSTANT_CONVERSION = YES;
				CLANG_WARN_DEPRECATED_OBJC_IMPLEMENTATIONS = YES;
				CLANG_WARN_DIRECT_OBJC_ISA_USAGE = YES_ERROR;
				CLANG_WARN_DOCUMENTATION_COMMENTS = YES;
				CLANG_WARN_EMPTY_BODY = YES;
				CLANG_WARN_ENUM_CONVERSION = YES;
				CLANG_WARN_INFINITE_RECURSION = YES;
				CLANG_WARN_INT_CONVERSION = YES;
				CLANG_WARN_NON_LITERAL_NULL_CONVERSION = YES;
				CLANG_WARN_OBJC_IMPLICIT_RETAIN_SELF = YES;
				CLANG_WARN_OBJC_LITERAL_CONVERSION = YES;
				CLANG_WARN_OBJC_ROOT_CLASS = YES_ERROR;
				CLANG_WARN_RANGE_LOOP_ANALYSIS = YES;
				CLANG_WARN_STRICT_PROTOTYPES = YES;
				CLANG_WARN_SUSPICIOUS_MOVE = YES;
				CLANG_WARN_UNGUARDED_AVAILABILITY = YES_AGGRESSIVE;
				CLANG_WARN_UNREACHABLE_CODE = YES;
				CLANG_WARN__DUPLICATE_METHOD_MATCH = YES;
				CODE_SIGN_IDENTITY = "iPhone Developer";
				COPY_PHASE_STRIP = NO;
				DEBUG_INFORMATION_FORMAT = dwarf;
				ENABLE_STRICT_OBJC_MSGSEND = YES;
				ENABLE_TESTABILITY = YES;
				GCC_C_LANGUAGE_STANDARD = gnu11;
				GCC_DYNAMIC_NO_PIC = NO;
				GCC_NO_COMMON_BLOCKS = YES;
				GCC_OPTIMIZATION_LEVEL = 0;
				GCC_PREPROCESSOR_DEFINITIONS = (
					"DEBUG=1",
					"$(inherited)",
				);
				GCC_WARN_64_TO_32_BIT_CONVERSION = YES;
				GCC_WARN_ABOUT_RETURN_TYPE = YES_ERROR;
				GCC_WARN_UNDECLARED_SELECTOR = YES;
				GCC_WARN_UNINITIALIZED_AUTOS = YES_AGGRESSIVE;
				GCC_WARN_UNUSED_FUNCTION = YES;
				GCC_WARN_UNUSED_VARIABLE = YES;
				IPHONEOS_DEPLOYMENT_TARGET = 12.4;
				MTL_ENABLE_DEBUG_INFO = INCLUDE_SOURCE;
				MTL_FAST_MATH = YES;
				ONLY_ACTIVE_ARCH = YES;
				SDKROOT = iphoneos;
				SWIFT_ACTIVE_COMPILATION_CONDITIONS = DEBUG;
				SWIFT_OPTIMIZATION_LEVEL = "-Onone";
			};
			name = Debug;
		};
		FE71BB3C231EC95B003AE340 /* Release */ = {
			isa = XCBuildConfiguration;
			buildSettings = {
				ALWAYS_SEARCH_USER_PATHS = NO;
				CLANG_ANALYZER_NONNULL = YES;
				CLANG_ANALYZER_NUMBER_OBJECT_CONVERSION = YES_AGGRESSIVE;
				CLANG_CXX_LANGUAGE_STANDARD = "gnu++14";
				CLANG_CXX_LIBRARY = "libc++";
				CLANG_ENABLE_MODULES = YES;
				CLANG_ENABLE_OBJC_ARC = YES;
				CLANG_ENABLE_OBJC_WEAK = YES;
				CLANG_WARN_BLOCK_CAPTURE_AUTORELEASING = YES;
				CLANG_WARN_BOOL_CONVERSION = YES;
				CLANG_WARN_COMMA = YES;
				CLANG_WARN_CONSTANT_CONVERSION = YES;
				CLANG_WARN_DEPRECATED_OBJC_IMPLEMENTATIONS = YES;
				CLANG_WARN_DIRECT_OBJC_ISA_USAGE = YES_ERROR;
				CLANG_WARN_DOCUMENTATION_COMMENTS = YES;
				CLANG_WARN_EMPTY_BODY = YES;
				CLANG_WARN_ENUM_CONVERSION = YES;
				CLANG_WARN_INFINITE_RECURSION = YES;
				CLANG_WARN_INT_CONVERSION = YES;
				CLANG_WARN_NON_LITERAL_NULL_CONVERSION = YES;
				CLANG_WARN_OBJC_IMPLICIT_RETAIN_SELF = YES;
				CLANG_WARN_OBJC_LITERAL_CONVERSION = YES;
				CLANG_WARN_OBJC_ROOT_CLASS = YES_ERROR;
				CLANG_WARN_RANGE_LOOP_ANALYSIS = YES;
				CLANG_WARN_STRICT_PROTOTYPES = YES;
				CLANG_WARN_SUSPICIOUS_MOVE = YES;
				CLANG_WARN_UNGUARDED_AVAILABILITY = YES_AGGRESSIVE;
				CLANG_WARN_UNREACHABLE_CODE = YES;
				CLANG_WARN__DUPLICATE_METHOD_MATCH = YES;
				CODE_SIGN_IDENTITY = "iPhone Developer";
				COPY_PHASE_STRIP = NO;
				DEBUG_INFORMATION_FORMAT = "dwarf-with-dsym";
				ENABLE_NS_ASSERTIONS = NO;
				ENABLE_STRICT_OBJC_MSGSEND = YES;
				GCC_C_LANGUAGE_STANDARD = gnu11;
				GCC_NO_COMMON_BLOCKS = YES;
				GCC_WARN_64_TO_32_BIT_CONVERSION = YES;
				GCC_WARN_ABOUT_RETURN_TYPE = YES_ERROR;
				GCC_WARN_UNDECLARED_SELECTOR = YES;
				GCC_WARN_UNINITIALIZED_AUTOS = YES_AGGRESSIVE;
				GCC_WARN_UNUSED_FUNCTION = YES;
				GCC_WARN_UNUSED_VARIABLE = YES;
				IPHONEOS_DEPLOYMENT_TARGET = 12.4;
				MTL_ENABLE_DEBUG_INFO = NO;
				MTL_FAST_MATH = YES;
				SDKROOT = iphoneos;
				SWIFT_COMPILATION_MODE = wholemodule;
				SWIFT_OPTIMIZATION_LEVEL = "-O";
				VALIDATE_PRODUCT = YES;
			};
			name = Release;
		};
		FE71BB3E231EC95B003AE340 /* Debug */ = {
			isa = XCBuildConfiguration;
			baseConfigurationReference = F03C5706BBC77942F468D8A9 /* Pods-TravelApp.debug.xcconfig */;
			buildSettings = {
				ASSETCATALOG_COMPILER_APPICON_NAME = AppIcon;
				CODE_SIGN_STYLE = Automatic;
				DEVELOPMENT_TEAM = "";
				INFOPLIST_FILE = TravelApp/Info.plist;
				IPHONEOS_DEPLOYMENT_TARGET = 13.0;
				LD_RUNPATH_SEARCH_PATHS = (
					"$(inherited)",
					"@executable_path/Frameworks",
				);
				PRODUCT_BUNDLE_IDENTIFIER = TravelApp;
				PRODUCT_NAME = "$(TARGET_NAME)";
				SWIFT_VERSION = 5.0;
				TARGETED_DEVICE_FAMILY = "1,2";
			};
			name = Debug;
		};
		FE71BB3F231EC95B003AE340 /* Release */ = {
			isa = XCBuildConfiguration;
			baseConfigurationReference = EAB260F0DD2857AD70B5A3F1 /* Pods-TravelApp.release.xcconfig */;
			buildSettings = {
				ASSETCATALOG_COMPILER_APPICON_NAME = AppIcon;
				CODE_SIGN_STYLE = Automatic;
				DEVELOPMENT_TEAM = "";
				INFOPLIST_FILE = TravelApp/Info.plist;
				IPHONEOS_DEPLOYMENT_TARGET = 13.0;
				LD_RUNPATH_SEARCH_PATHS = (
					"$(inherited)",
					"@executable_path/Frameworks",
				);
				PRODUCT_BUNDLE_IDENTIFIER = TravelApp;
				PRODUCT_NAME = "$(TARGET_NAME)";
				SWIFT_VERSION = 5.0;
				TARGETED_DEVICE_FAMILY = "1,2";
			};
			name = Release;
		};
/* End XCBuildConfiguration section */

/* Begin XCConfigurationList section */
		05A83CBB2338B9BB00E3E1F5 /* Build configuration list for PBXNativeTarget "TravelApp Driver" */ = {
			isa = XCConfigurationList;
			buildConfigurations = (
				05A83CB92338B9BB00E3E1F5 /* Debug */,
				05A83CBA2338B9BB00E3E1F5 /* Release */,
			);
			defaultConfigurationIsVisible = 0;
			defaultConfigurationName = Release;
		};
		FE71BB26231EC95A003AE340 /* Build configuration list for PBXProject "TravelApp" */ = {
			isa = XCConfigurationList;
			buildConfigurations = (
				FE71BB3B231EC95B003AE340 /* Debug */,
				FE71BB3C231EC95B003AE340 /* Release */,
			);
			defaultConfigurationIsVisible = 0;
			defaultConfigurationName = Release;
		};
		FE71BB3D231EC95B003AE340 /* Build configuration list for PBXNativeTarget "TravelApp" */ = {
			isa = XCConfigurationList;
			buildConfigurations = (
				FE71BB3E231EC95B003AE340 /* Debug */,
				FE71BB3F231EC95B003AE340 /* Release */,
			);
			defaultConfigurationIsVisible = 0;
			defaultConfigurationName = Release;
		};
/* End XCConfigurationList section */
	};
	rootObject = FE71BB23231EC95A003AE340 /* Project object */;
}
