// !$*UTF8*$!
{
	archiveVersion = 1;
	classes = {
	};
	objectVersion = 51;
	objects = {

/* Begin PBXBuildFile section */
		0512BB602323F8E20025951D /* Utilities.swift in Sources */ = {isa = PBXBuildFile; fileRef = 0512BB5F2323F8E20025951D /* Utilities.swift */; };
		0512BB8C232678CE0025951D /* HomeScreen.storyboard in Resources */ = {isa = PBXBuildFile; fileRef = 0512BB8B232678CE0025951D /* HomeScreen.storyboard */; };
		0512BB8E23267CE80025951D /* User.swift in Sources */ = {isa = PBXBuildFile; fileRef = 0512BB8D23267CE80025951D /* User.swift */; };
		0512BB9123267E7F0025951D /* UserViewModel.swift in Sources */ = {isa = PBXBuildFile; fileRef = 0512BB9023267E7F0025951D /* UserViewModel.swift */; };
		0512BB9323267FFA0025951D /* Registration.swift in Sources */ = {isa = PBXBuildFile; fileRef = 0512BB9223267FFA0025951D /* Registration.swift */; };
		05A5F7CF232BD56100834CE3 /* FavoritesCollectionViewController.swift in Sources */ = {isa = PBXBuildFile; fileRef = 05A5F7CE232BD56100834CE3 /* FavoritesCollectionViewController.swift */; };
		05D108F52329678F0098E286 /* HomeCollectionViewCell.swift in Sources */ = {isa = PBXBuildFile; fileRef = 05D108F42329678F0098E286 /* HomeCollectionViewCell.swift */; };
		05D108F723296CB80098E286 /* ToursViewModel.swift in Sources */ = {isa = PBXBuildFile; fileRef = 05D108F623296CB80098E286 /* ToursViewModel.swift */; };
		05D108F923296CCD0098E286 /* Tour.swift in Sources */ = {isa = PBXBuildFile; fileRef = 05D108F823296CCD0098E286 /* Tour.swift */; };
		05D108FB23296CDA0098E286 /* Place.swift in Sources */ = {isa = PBXBuildFile; fileRef = 05D108FA23296CDA0098E286 /* Place.swift */; };
		05D108FE23296E360098E286 /* ToursDownloader.swift in Sources */ = {isa = PBXBuildFile; fileRef = 05D108FD23296E360098E286 /* ToursDownloader.swift */; };
		05D10900232A881C0098E286 /* PlaceDownloader.swift in Sources */ = {isa = PBXBuildFile; fileRef = 05D108FF232A881C0098E286 /* PlaceDownloader.swift */; };
		A4997D9F2BA3E000EC40D739 /* Pods_TravelApp.framework in Frameworks */ = {isa = PBXBuildFile; fileRef = 639C197BC5CD5D532ABC1F20 /* Pods_TravelApp.framework */; };
		FE3A7A752323B3BD00517B4E /* HomeViewController.swift in Sources */ = {isa = PBXBuildFile; fileRef = FE3A7A742323B3BD00517B4E /* HomeViewController.swift */; };
		FE71BB2F231EC95A003AE340 /* AppDelegate.swift in Sources */ = {isa = PBXBuildFile; fileRef = FE71BB2E231EC95A003AE340 /* AppDelegate.swift */; };
		FE71BB34231EC95A003AE340 /* Main.storyboard in Resources */ = {isa = PBXBuildFile; fileRef = FE71BB32231EC95A003AE340 /* Main.storyboard */; };
		FE71BB36231EC95B003AE340 /* Assets.xcassets in Resources */ = {isa = PBXBuildFile; fileRef = FE71BB35231EC95B003AE340 /* Assets.xcassets */; };
		FE71BB39231EC95B003AE340 /* LaunchScreen.storyboard in Resources */ = {isa = PBXBuildFile; fileRef = FE71BB37231EC95B003AE340 /* LaunchScreen.storyboard */; };
		FE92409B2322A36D0044594E /* GoogleService-Info.plist in Resources */ = {isa = PBXBuildFile; fileRef = FE92409A2322A36D0044594E /* GoogleService-Info.plist */; };
		FE9240A12322AB770044594E /* SignInViewController.swift in Sources */ = {isa = PBXBuildFile; fileRef = FE9240A02322AB770044594E /* SignInViewController.swift */; };
		FE9240A32322AB800044594E /* SignUpViewController.swift in Sources */ = {isa = PBXBuildFile; fileRef = FE9240A22322AB800044594E /* SignUpViewController.swift */; };
		FE95EE13232A37FF00AA9393 /* AddTourViewController.swift in Sources */ = {isa = PBXBuildFile; fileRef = FE95EE12232A37FF00AA9393 /* AddTourViewController.swift */; };
		FE95EE15232A7A3B00AA9393 /* AttractionCollectionViewCell.swift in Sources */ = {isa = PBXBuildFile; fileRef = FE95EE14232A7A3B00AA9393 /* AttractionCollectionViewCell.swift */; };
/* End PBXBuildFile section */

/* Begin PBXFileReference section */
		0512BB5F2323F8E20025951D /* Utilities.swift */ = {isa = PBXFileReference; lastKnownFileType = sourcecode.swift; path = Utilities.swift; sourceTree = "<group>"; };
		0512BB8B232678CE0025951D /* HomeScreen.storyboard */ = {isa = PBXFileReference; lastKnownFileType = file.storyboard; path = HomeScreen.storyboard; sourceTree = "<group>"; };
		0512BB8D23267CE80025951D /* User.swift */ = {isa = PBXFileReference; lastKnownFileType = sourcecode.swift; path = User.swift; sourceTree = "<group>"; };
		0512BB9023267E7F0025951D /* UserViewModel.swift */ = {isa = PBXFileReference; lastKnownFileType = sourcecode.swift; path = UserViewModel.swift; sourceTree = "<group>"; };
		0512BB9223267FFA0025951D /* Registration.swift */ = {isa = PBXFileReference; lastKnownFileType = sourcecode.swift; path = Registration.swift; sourceTree = "<group>"; };
		05A5F7CE232BD56100834CE3 /* FavoritesCollectionViewController.swift */ = {isa = PBXFileReference; lastKnownFileType = sourcecode.swift; path = FavoritesCollectionViewController.swift; sourceTree = "<group>"; };
		05D108F42329678F0098E286 /* HomeCollectionViewCell.swift */ = {isa = PBXFileReference; lastKnownFileType = sourcecode.swift; path = HomeCollectionViewCell.swift; sourceTree = "<group>"; };
		05D108F623296CB80098E286 /* ToursViewModel.swift */ = {isa = PBXFileReference; lastKnownFileType = sourcecode.swift; path = ToursViewModel.swift; sourceTree = "<group>"; };
		05D108F823296CCD0098E286 /* Tour.swift */ = {isa = PBXFileReference; lastKnownFileType = sourcecode.swift; path = Tour.swift; sourceTree = "<group>"; };
		05D108FA23296CDA0098E286 /* Place.swift */ = {isa = PBXFileReference; lastKnownFileType = sourcecode.swift; path = Place.swift; sourceTree = "<group>"; };
		05D108FD23296E360098E286 /* ToursDownloader.swift */ = {isa = PBXFileReference; lastKnownFileType = sourcecode.swift; path = ToursDownloader.swift; sourceTree = "<group>"; };
		05D108FF232A881C0098E286 /* PlaceDownloader.swift */ = {isa = PBXFileReference; lastKnownFileType = sourcecode.swift; path = PlaceDownloader.swift; sourceTree = "<group>"; };
		639C197BC5CD5D532ABC1F20 /* Pods_TravelApp.framework */ = {isa = PBXFileReference; explicitFileType = wrapper.framework; includeInIndex = 0; path = Pods_TravelApp.framework; sourceTree = BUILT_PRODUCTS_DIR; };
		EAB260F0DD2857AD70B5A3F1 /* Pods-TravelApp.release.xcconfig */ = {isa = PBXFileReference; includeInIndex = 1; lastKnownFileType = text.xcconfig; name = "Pods-TravelApp.release.xcconfig"; path = "Target Support Files/Pods-TravelApp/Pods-TravelApp.release.xcconfig"; sourceTree = "<group>"; };
		F03C5706BBC77942F468D8A9 /* Pods-TravelApp.debug.xcconfig */ = {isa = PBXFileReference; includeInIndex = 1; lastKnownFileType = text.xcconfig; name = "Pods-TravelApp.debug.xcconfig"; path = "Target Support Files/Pods-TravelApp/Pods-TravelApp.debug.xcconfig"; sourceTree = "<group>"; };
		FE3A7A742323B3BD00517B4E /* HomeViewController.swift */ = {isa = PBXFileReference; lastKnownFileType = sourcecode.swift; path = HomeViewController.swift; sourceTree = "<group>"; };
		FE71BB2B231EC95A003AE340 /* TravelApp.app */ = {isa = PBXFileReference; explicitFileType = wrapper.application; includeInIndex = 0; path = TravelApp.app; sourceTree = BUILT_PRODUCTS_DIR; };
		FE71BB2E231EC95A003AE340 /* AppDelegate.swift */ = {isa = PBXFileReference; lastKnownFileType = sourcecode.swift; path = AppDelegate.swift; sourceTree = "<group>"; };
		FE71BB33231EC95A003AE340 /* Base */ = {isa = PBXFileReference; lastKnownFileType = file.storyboard; name = Base; path = Base.lproj/Main.storyboard; sourceTree = "<group>"; };
		FE71BB35231EC95B003AE340 /* Assets.xcassets */ = {isa = PBXFileReference; lastKnownFileType = folder.assetcatalog; path = Assets.xcassets; sourceTree = "<group>"; };
		FE71BB38231EC95B003AE340 /* Base */ = {isa = PBXFileReference; lastKnownFileType = file.storyboard; name = Base; path = Base.lproj/LaunchScreen.storyboard; sourceTree = "<group>"; };
		FE71BB3A231EC95B003AE340 /* Info.plist */ = {isa = PBXFileReference; lastKnownFileType = text.plist.xml; path = Info.plist; sourceTree = "<group>"; };
		FE92409A2322A36D0044594E /* GoogleService-Info.plist */ = {isa = PBXFileReference; fileEncoding = 4; lastKnownFileType = text.plist.xml; name = "GoogleService-Info.plist"; path = "../GoogleService-Info.plist"; sourceTree = "<group>"; };
		FE9240A02322AB770044594E /* SignInViewController.swift */ = {isa = PBXFileReference; lastKnownFileType = sourcecode.swift; path = SignInViewController.swift; sourceTree = "<group>"; };
		FE9240A22322AB800044594E /* SignUpViewController.swift */ = {isa = PBXFileReference; lastKnownFileType = sourcecode.swift; path = SignUpViewController.swift; sourceTree = "<group>"; };
		FE95EE12232A37FF00AA9393 /* AddTourViewController.swift */ = {isa = PBXFileReference; lastKnownFileType = sourcecode.swift; path = AddTourViewController.swift; sourceTree = "<group>"; };
		FE95EE14232A7A3B00AA9393 /* AttractionCollectionViewCell.swift */ = {isa = PBXFileReference; lastKnownFileType = sourcecode.swift; path = AttractionCollectionViewCell.swift; sourceTree = "<group>"; };
/* End PBXFileReference section */

/* Begin PBXFrameworksBuildPhase section */
		FE71BB28231EC95A003AE340 /* Frameworks */ = {
			isa = PBXFrameworksBuildPhase;
			buildActionMask = 2147483647;
			files = (
				A4997D9F2BA3E000EC40D739 /* Pods_TravelApp.framework in Frameworks */,
			);
			runOnlyForDeploymentPostprocessing = 0;
		};
/* End PBXFrameworksBuildPhase section */

/* Begin PBXGroup section */
		0512BB5E2323F8B60025951D /* Helpers */ = {
			isa = PBXGroup;
			children = (
				0512BB5F2323F8E20025951D /* Utilities.swift */,
			);
			path = Helpers;
			sourceTree = "<group>";
		};
		0512BB86232678180025951D /* Storyboards */ = {
			isa = PBXGroup;
			children = (
				FE71BB32231EC95A003AE340 /* Main.storyboard */,
				0512BB8B232678CE0025951D /* HomeScreen.storyboard */,
				FE71BB37231EC95B003AE340 /* LaunchScreen.storyboard */,
			);
			path = Storyboards;
			sourceTree = "<group>";
		};
		0512BB872326782E0025951D /* View */ = {
			isa = PBXGroup;
			children = (
				FE92409D2322AB260044594E /* Registration */,
				0512BB8A232678790025951D /* HomeScreen */,
				05A5F7CB232BD4EF00834CE3 /* Favorites */,
				FE95EE0F232A378500AA9393 /* AddTourScreen */,
			);
			path = View;
			sourceTree = "<group>";
		};
		0512BB88232678340025951D /* Model */ = {
			isa = PBXGroup;
			children = (
				0512BB8D23267CE80025951D /* User.swift */,
				05D108F823296CCD0098E286 /* Tour.swift */,
				05D108FA23296CDA0098E286 /* Place.swift */,
			);
			path = Model;
			sourceTree = "<group>";
		};
		0512BB892326783A0025951D /* ViewModel */ = {
			isa = PBXGroup;
			children = (
				0512BB9023267E7F0025951D /* UserViewModel.swift */,
				05D108F623296CB80098E286 /* ToursViewModel.swift */,
			);
			path = ViewModel;
			sourceTree = "<group>";
		};
		0512BB8A232678790025951D /* HomeScreen */ = {
			isa = PBXGroup;
			children = (
				05A5F7C5232BD24B00834CE3 /* Protocols */,
				05D108F32329675E0098E286 /* Cell */,
				0512BB96232902D60025951D /* Controller */,
			);
			path = HomeScreen;
			sourceTree = "<group>";
		};
		0512BB8F23267D9B0025951D /* Service */ = {
			isa = PBXGroup;
			children = (
				0512BB9223267FFA0025951D /* Registration.swift */,
				05D108FD23296E360098E286 /* ToursDownloader.swift */,
				05D108FF232A881C0098E286 /* PlaceDownloader.swift */,
			);
			path = Service;
			sourceTree = "<group>";
		};
		0512BB95232902C50025951D /* Controller */ = {
			isa = PBXGroup;
			children = (
				FE9240A02322AB770044594E /* SignInViewController.swift */,
				FE9240A22322AB800044594E /* SignUpViewController.swift */,
			);
			path = Controller;
			sourceTree = "<group>";
		};
		0512BB96232902D60025951D /* Controller */ = {
			isa = PBXGroup;
			children = (
				FE3A7A742323B3BD00517B4E /* HomeViewController.swift */,
			);
			name = Controller;
			sourceTree = "<group>";
		};
		05A5F7C5232BD24B00834CE3 /* Protocols */ = {
			isa = PBXGroup;
			children = (
			);
			name = Protocols;
			sourceTree = "<group>";
		};
		05A5F7CB232BD4EF00834CE3 /* Favorites */ = {
			isa = PBXGroup;
			children = (
				05A5F7CD232BD51B00834CE3 /* Cell */,
				05A5F7CC232BD51200834CE3 /* Controller */,
			);
			path = Favorites;
			sourceTree = "<group>";
		};
		05A5F7CC232BD51200834CE3 /* Controller */ = {
			isa = PBXGroup;
			children = (
				05A5F7CE232BD56100834CE3 /* FavoritesCollectionViewController.swift */,
			);
			path = Controller;
			sourceTree = "<group>";
		};
		05A5F7CD232BD51B00834CE3 /* Cell */ = {
			isa = PBXGroup;
			children = (
			);
			path = Cell;
			sourceTree = "<group>";
		};
		05D108F32329675E0098E286 /* Cell */ = {
			isa = PBXGroup;
			children = (
				05D108F42329678F0098E286 /* HomeCollectionViewCell.swift */,
			);
			name = Cell;
			sourceTree = "<group>";
		};
		369608D8D31B36C4CF83282D /* Frameworks */ = {
			isa = PBXGroup;
			children = (
				639C197BC5CD5D532ABC1F20 /* Pods_TravelApp.framework */,
			);
			name = Frameworks;
			sourceTree = "<group>";
		};
		B77CE80DC6538C467050BE41 /* Pods */ = {
			isa = PBXGroup;
			children = (
				F03C5706BBC77942F468D8A9 /* Pods-TravelApp.debug.xcconfig */,
				EAB260F0DD2857AD70B5A3F1 /* Pods-TravelApp.release.xcconfig */,
			);
			path = Pods;
			sourceTree = "<group>";
		};
		FE71BB22231EC95A003AE340 = {
			isa = PBXGroup;
			children = (
				FE71BB2D231EC95A003AE340 /* TravelApp */,
				FE71BB2C231EC95A003AE340 /* Products */,
				B77CE80DC6538C467050BE41 /* Pods */,
				369608D8D31B36C4CF83282D /* Frameworks */,
			);
			sourceTree = "<group>";
		};
		FE71BB2C231EC95A003AE340 /* Products */ = {
			isa = PBXGroup;
			children = (
				FE71BB2B231EC95A003AE340 /* TravelApp.app */,
			);
			name = Products;
			sourceTree = "<group>";
		};
		FE71BB2D231EC95A003AE340 /* TravelApp */ = {
			isa = PBXGroup;
			children = (
				0512BB5E2323F8B60025951D /* Helpers */,
				0512BB8F23267D9B0025951D /* Service */,
				0512BB88232678340025951D /* Model */,
				0512BB872326782E0025951D /* View */,
				0512BB892326783A0025951D /* ViewModel */,
				0512BB86232678180025951D /* Storyboards */,
				FE92409C2322AAD90044594E /* Resources */,
				FE71BB3A231EC95B003AE340 /* Info.plist */,
				FE92409A2322A36D0044594E /* GoogleService-Info.plist */,
			);
			path = TravelApp;
			sourceTree = "<group>";
		};
		FE92409C2322AAD90044594E /* Resources */ = {
			isa = PBXGroup;
			children = (
				FE71BB2E231EC95A003AE340 /* AppDelegate.swift */,
				FE71BB35231EC95B003AE340 /* Assets.xcassets */,
			);
			path = Resources;
			sourceTree = "<group>";
		};
		FE92409D2322AB260044594E /* Registration */ = {
			isa = PBXGroup;
			children = (
				0512BB95232902C50025951D /* Controller */,
			);
			path = Registration;
			sourceTree = "<group>";
		};
		FE95EE0F232A378500AA9393 /* AddTourScreen */ = {
			isa = PBXGroup;
			children = (
				FE95EE10232A37B800AA9393 /* Cell */,
				FE95EE11232A37D200AA9393 /* Controllers */,
			);
			path = AddTourScreen;
			sourceTree = "<group>";
		};
		FE95EE10232A37B800AA9393 /* Cell */ = {
			isa = PBXGroup;
			children = (
				FE95EE14232A7A3B00AA9393 /* AttractionCollectionViewCell.swift */,
			);
			path = Cell;
			sourceTree = "<group>";
		};
		FE95EE11232A37D200AA9393 /* Controllers */ = {
			isa = PBXGroup;
			children = (
				FE95EE12232A37FF00AA9393 /* AddTourViewController.swift */,
			);
			path = Controllers;
			sourceTree = "<group>";
		};
/* End PBXGroup section */

/* Begin PBXNativeTarget section */
		FE71BB2A231EC95A003AE340 /* TravelApp */ = {
			isa = PBXNativeTarget;
			buildConfigurationList = FE71BB3D231EC95B003AE340 /* Build configuration list for PBXNativeTarget "TravelApp" */;
			buildPhases = (
				29F3416624E13DE11281B80A /* [CP] Check Pods Manifest.lock */,
				FE71BB27231EC95A003AE340 /* Sources */,
				FE71BB28231EC95A003AE340 /* Frameworks */,
				FE71BB29231EC95A003AE340 /* Resources */,
				4B5709A1EC8E0FD7D4FFEAFE /* [CP] Embed Pods Frameworks */,
			);
			buildRules = (
			);
			dependencies = (
			);
			name = TravelApp;
			productName = TravelApp;
			productReference = FE71BB2B231EC95A003AE340 /* TravelApp.app */;
			productType = "com.apple.product-type.application";
		};
/* End PBXNativeTarget section */

/* Begin PBXProject section */
		FE71BB23231EC95A003AE340 /* Project object */ = {
			isa = PBXProject;
			attributes = {
				LastSwiftUpdateCheck = 1030;
				LastUpgradeCheck = 1030;
				ORGANIZATIONNAME = "Eric Hovhannisyan";
				TargetAttributes = {
					FE71BB2A231EC95A003AE340 = {
						CreatedOnToolsVersion = 10.3;
					};
				};
			};
			buildConfigurationList = FE71BB26231EC95A003AE340 /* Build configuration list for PBXProject "TravelApp" */;
			compatibilityVersion = "Xcode 9.3";
			developmentRegion = en;
			hasScannedForEncodings = 0;
			knownRegions = (
				en,
				Base,
			);
			mainGroup = FE71BB22231EC95A003AE340;
			productRefGroup = FE71BB2C231EC95A003AE340 /* Products */;
			projectDirPath = "";
			projectRoot = "";
			targets = (
				FE71BB2A231EC95A003AE340 /* TravelApp */,
			);
		};
/* End PBXProject section */

/* Begin PBXResourcesBuildPhase section */
		FE71BB29231EC95A003AE340 /* Resources */ = {
			isa = PBXResourcesBuildPhase;
			buildActionMask = 2147483647;
			files = (
				0512BB8C232678CE0025951D /* HomeScreen.storyboard in Resources */,
				FE71BB39231EC95B003AE340 /* LaunchScreen.storyboard in Resources */,
				FE92409B2322A36D0044594E /* GoogleService-Info.plist in Resources */,
				FE71BB36231EC95B003AE340 /* Assets.xcassets in Resources */,
				FE71BB34231EC95A003AE340 /* Main.storyboard in Resources */,
			);
			runOnlyForDeploymentPostprocessing = 0;
		};
/* End PBXResourcesBuildPhase section */

/* Begin PBXShellScriptBuildPhase section */
		29F3416624E13DE11281B80A /* [CP] Check Pods Manifest.lock */ = {
			isa = PBXShellScriptBuildPhase;
			buildActionMask = 2147483647;
			files = (
			);
			inputFileListPaths = (
			);
			inputPaths = (
				"${PODS_PODFILE_DIR_PATH}/Podfile.lock",
				"${PODS_ROOT}/Manifest.lock",
			);
			name = "[CP] Check Pods Manifest.lock";
			outputFileListPaths = (
			);
			outputPaths = (
				"$(DERIVED_FILE_DIR)/Pods-TravelApp-checkManifestLockResult.txt",
			);
			runOnlyForDeploymentPostprocessing = 0;
			shellPath = /bin/sh;
			shellScript = "diff \"${PODS_PODFILE_DIR_PATH}/Podfile.lock\" \"${PODS_ROOT}/Manifest.lock\" > /dev/null\nif [ $? != 0 ] ; then\n    # print error to STDERR\n    echo \"error: The sandbox is not in sync with the Podfile.lock. Run 'pod install' or update your CocoaPods installation.\" >&2\n    exit 1\nfi\n# This output is used by Xcode 'outputs' to avoid re-running this script phase.\necho \"SUCCESS\" > \"${SCRIPT_OUTPUT_FILE_0}\"\n";
			showEnvVarsInLog = 0;
		};
		4B5709A1EC8E0FD7D4FFEAFE /* [CP] Embed Pods Frameworks */ = {
			isa = PBXShellScriptBuildPhase;
			buildActionMask = 2147483647;
			files = (
			);
			inputFileListPaths = (
				"${PODS_ROOT}/Target Support Files/Pods-TravelApp/Pods-TravelApp-frameworks-${CONFIGURATION}-input-files.xcfilelist",
			);
			name = "[CP] Embed Pods Frameworks";
			outputFileListPaths = (
				"${PODS_ROOT}/Target Support Files/Pods-TravelApp/Pods-TravelApp-frameworks-${CONFIGURATION}-output-files.xcfilelist",
			);
			runOnlyForDeploymentPostprocessing = 0;
			shellPath = /bin/sh;
			shellScript = "\"${PODS_ROOT}/Target Support Files/Pods-TravelApp/Pods-TravelApp-frameworks.sh\"\n";
			showEnvVarsInLog = 0;
		};
/* End PBXShellScriptBuildPhase section */

/* Begin PBXSourcesBuildPhase section */
		FE71BB27231EC95A003AE340 /* Sources */ = {
			isa = PBXSourcesBuildPhase;
			buildActionMask = 2147483647;
			files = (
				05D108F923296CCD0098E286 /* Tour.swift in Sources */,
				05D108FE23296E360098E286 /* ToursDownloader.swift in Sources */,
				05D108F723296CB80098E286 /* ToursViewModel.swift in Sources */,
				05A5F7CF232BD56100834CE3 /* FavoritesCollectionViewController.swift in Sources */,
				0512BB9323267FFA0025951D /* Registration.swift in Sources */,
				05D108FB23296CDA0098E286 /* Place.swift in Sources */,
				FE9240A32322AB800044594E /* SignUpViewController.swift in Sources */,
				FE95EE13232A37FF00AA9393 /* AddTourViewController.swift in Sources */,
				FE95EE15232A7A3B00AA9393 /* AttractionCollectionViewCell.swift in Sources */,
				FE9240A12322AB770044594E /* SignInViewController.swift in Sources */,
				0512BB8E23267CE80025951D /* User.swift in Sources */,
				FE71BB2F231EC95A003AE340 /* AppDelegate.swift in Sources */,
				05D108F52329678F0098E286 /* HomeCollectionViewCell.swift in Sources */,
				0512BB602323F8E20025951D /* Utilities.swift in Sources */,
				0512BB9123267E7F0025951D /* UserViewModel.swift in Sources */,
				05D10900232A881C0098E286 /* PlaceDownloader.swift in Sources */,
				FE3A7A752323B3BD00517B4E /* HomeViewController.swift in Sources */,
			);
			runOnlyForDeploymentPostprocessing = 0;
		};
/* End PBXSourcesBuildPhase section */

/* Begin PBXVariantGroup section */
		FE71BB32231EC95A003AE340 /* Main.storyboard */ = {
			isa = PBXVariantGroup;
			children = (
				FE71BB33231EC95A003AE340 /* Base */,
			);
			name = Main.storyboard;
			sourceTree = "<group>";
		};
		FE71BB37231EC95B003AE340 /* LaunchScreen.storyboard */ = {
			isa = PBXVariantGroup;
			children = (
				FE71BB38231EC95B003AE340 /* Base */,
			);
			name = LaunchScreen.storyboard;
			sourceTree = "<group>";
		};
/* End PBXVariantGroup section */

/* Begin XCBuildConfiguration section */
		FE71BB3B231EC95B003AE340 /* Debug */ = {
			isa = XCBuildConfiguration;
			buildSettings = {
				ALWAYS_SEARCH_USER_PATHS = NO;
				CLANG_ANALYZER_NONNULL = YES;
				CLANG_ANALYZER_NUMBER_OBJECT_CONVERSION = YES_AGGRESSIVE;
				CLANG_CXX_LANGUAGE_STANDARD = "gnu++14";
				CLANG_CXX_LIBRARY = "libc++";
				CLANG_ENABLE_MODULES = YES;
				CLANG_ENABLE_OBJC_ARC = YES;
				CLANG_ENABLE_OBJC_WEAK = YES;
				CLANG_WARN_BLOCK_CAPTURE_AUTORELEASING = YES;
				CLANG_WARN_BOOL_CONVERSION = YES;
				CLANG_WARN_COMMA = YES;
				CLANG_WARN_CONSTANT_CONVERSION = YES;
				CLANG_WARN_DEPRECATED_OBJC_IMPLEMENTATIONS = YES;
				CLANG_WARN_DIRECT_OBJC_ISA_USAGE = YES_ERROR;
				CLANG_WARN_DOCUMENTATION_COMMENTS = YES;
				CLANG_WARN_EMPTY_BODY = YES;
				CLANG_WARN_ENUM_CONVERSION = YES;
				CLANG_WARN_INFINITE_RECURSION = YES;
				CLANG_WARN_INT_CONVERSION = YES;
				CLANG_WARN_NON_LITERAL_NULL_CONVERSION = YES;
				CLANG_WARN_OBJC_IMPLICIT_RETAIN_SELF = YES;
				CLANG_WARN_OBJC_LITERAL_CONVERSION = YES;
				CLANG_WARN_OBJC_ROOT_CLASS = YES_ERROR;
				CLANG_WARN_RANGE_LOOP_ANALYSIS = YES;
				CLANG_WARN_STRICT_PROTOTYPES = YES;
				CLANG_WARN_SUSPICIOUS_MOVE = YES;
				CLANG_WARN_UNGUARDED_AVAILABILITY = YES_AGGRESSIVE;
				CLANG_WARN_UNREACHABLE_CODE = YES;
				CLANG_WARN__DUPLICATE_METHOD_MATCH = YES;
				CODE_SIGN_IDENTITY = "iPhone Developer";
				COPY_PHASE_STRIP = NO;
				DEBUG_INFORMATION_FORMAT = dwarf;
				ENABLE_STRICT_OBJC_MSGSEND = YES;
				ENABLE_TESTABILITY = YES;
				GCC_C_LANGUAGE_STANDARD = gnu11;
				GCC_DYNAMIC_NO_PIC = NO;
				GCC_NO_COMMON_BLOCKS = YES;
				GCC_OPTIMIZATION_LEVEL = 0;
				GCC_PREPROCESSOR_DEFINITIONS = (
					"DEBUG=1",
					"$(inherited)",
				);
				GCC_WARN_64_TO_32_BIT_CONVERSION = YES;
				GCC_WARN_ABOUT_RETURN_TYPE = YES_ERROR;
				GCC_WARN_UNDECLARED_SELECTOR = YES;
				GCC_WARN_UNINITIALIZED_AUTOS = YES_AGGRESSIVE;
				GCC_WARN_UNUSED_FUNCTION = YES;
				GCC_WARN_UNUSED_VARIABLE = YES;
				IPHONEOS_DEPLOYMENT_TARGET = 12.4;
				MTL_ENABLE_DEBUG_INFO = INCLUDE_SOURCE;
				MTL_FAST_MATH = YES;
				ONLY_ACTIVE_ARCH = YES;
				SDKROOT = iphoneos;
				SWIFT_ACTIVE_COMPILATION_CONDITIONS = DEBUG;
				SWIFT_OPTIMIZATION_LEVEL = "-Onone";
			};
			name = Debug;
		};
		FE71BB3C231EC95B003AE340 /* Release */ = {
			isa = XCBuildConfiguration;
			buildSettings = {
				ALWAYS_SEARCH_USER_PATHS = NO;
				CLANG_ANALYZER_NONNULL = YES;
				CLANG_ANALYZER_NUMBER_OBJECT_CONVERSION = YES_AGGRESSIVE;
				CLANG_CXX_LANGUAGE_STANDARD = "gnu++14";
				CLANG_CXX_LIBRARY = "libc++";
				CLANG_ENABLE_MODULES = YES;
				CLANG_ENABLE_OBJC_ARC = YES;
				CLANG_ENABLE_OBJC_WEAK = YES;
				CLANG_WARN_BLOCK_CAPTURE_AUTORELEASING = YES;
				CLANG_WARN_BOOL_CONVERSION = YES;
				CLANG_WARN_COMMA = YES;
				CLANG_WARN_CONSTANT_CONVERSION = YES;
				CLANG_WARN_DEPRECATED_OBJC_IMPLEMENTATIONS = YES;
				CLANG_WARN_DIRECT_OBJC_ISA_USAGE = YES_ERROR;
				CLANG_WARN_DOCUMENTATION_COMMENTS = YES;
				CLANG_WARN_EMPTY_BODY = YES;
				CLANG_WARN_ENUM_CONVERSION = YES;
				CLANG_WARN_INFINITE_RECURSION = YES;
				CLANG_WARN_INT_CONVERSION = YES;
				CLANG_WARN_NON_LITERAL_NULL_CONVERSION = YES;
				CLANG_WARN_OBJC_IMPLICIT_RETAIN_SELF = YES;
				CLANG_WARN_OBJC_LITERAL_CONVERSION = YES;
				CLANG_WARN_OBJC_ROOT_CLASS = YES_ERROR;
				CLANG_WARN_RANGE_LOOP_ANALYSIS = YES;
				CLANG_WARN_STRICT_PROTOTYPES = YES;
				CLANG_WARN_SUSPICIOUS_MOVE = YES;
				CLANG_WARN_UNGUARDED_AVAILABILITY = YES_AGGRESSIVE;
				CLANG_WARN_UNREACHABLE_CODE = YES;
				CLANG_WARN__DUPLICATE_METHOD_MATCH = YES;
				CODE_SIGN_IDENTITY = "iPhone Developer";
				COPY_PHASE_STRIP = NO;
				DEBUG_INFORMATION_FORMAT = "dwarf-with-dsym";
				ENABLE_NS_ASSERTIONS = NO;
				ENABLE_STRICT_OBJC_MSGSEND = YES;
				GCC_C_LANGUAGE_STANDARD = gnu11;
				GCC_NO_COMMON_BLOCKS = YES;
				GCC_WARN_64_TO_32_BIT_CONVERSION = YES;
				GCC_WARN_ABOUT_RETURN_TYPE = YES_ERROR;
				GCC_WARN_UNDECLARED_SELECTOR = YES;
				GCC_WARN_UNINITIALIZED_AUTOS = YES_AGGRESSIVE;
				GCC_WARN_UNUSED_FUNCTION = YES;
				GCC_WARN_UNUSED_VARIABLE = YES;
				IPHONEOS_DEPLOYMENT_TARGET = 12.4;
				MTL_ENABLE_DEBUG_INFO = NO;
				MTL_FAST_MATH = YES;
				SDKROOT = iphoneos;
				SWIFT_COMPILATION_MODE = wholemodule;
				SWIFT_OPTIMIZATION_LEVEL = "-O";
				VALIDATE_PRODUCT = YES;
			};
			name = Release;
		};
		FE71BB3E231EC95B003AE340 /* Debug */ = {
			isa = XCBuildConfiguration;
			baseConfigurationReference = F03C5706BBC77942F468D8A9 /* Pods-TravelApp.debug.xcconfig */;
			buildSettings = {
				ASSETCATALOG_COMPILER_APPICON_NAME = AppIcon;
				CODE_SIGN_STYLE = Automatic;
				DEVELOPMENT_TEAM = MD56F4Y23U;
				INFOPLIST_FILE = TravelApp/Info.plist;
				IPHONEOS_DEPLOYMENT_TARGET = 12.1;
				LD_RUNPATH_SEARCH_PATHS = (
					"$(inherited)",
					"@executable_path/Frameworks",
				);
				PRODUCT_BUNDLE_IDENTIFIER = TravelApp;
				PRODUCT_NAME = "$(TARGET_NAME)";
				SWIFT_VERSION = 5.0;
				TARGETED_DEVICE_FAMILY = "1,2";
			};
			name = Debug;
		};
		FE71BB3F231EC95B003AE340 /* Release */ = {
			isa = XCBuildConfiguration;
			baseConfigurationReference = EAB260F0DD2857AD70B5A3F1 /* Pods-TravelApp.release.xcconfig */;
			buildSettings = {
				ASSETCATALOG_COMPILER_APPICON_NAME = AppIcon;
				CODE_SIGN_STYLE = Automatic;
				DEVELOPMENT_TEAM = MD56F4Y23U;
				INFOPLIST_FILE = TravelApp/Info.plist;
				IPHONEOS_DEPLOYMENT_TARGET = 12.1;
				LD_RUNPATH_SEARCH_PATHS = (
					"$(inherited)",
					"@executable_path/Frameworks",
				);
				PRODUCT_BUNDLE_IDENTIFIER = TravelApp;
				PRODUCT_NAME = "$(TARGET_NAME)";
				SWIFT_VERSION = 5.0;
				TARGETED_DEVICE_FAMILY = "1,2";
			};
			name = Release;
		};
/* End XCBuildConfiguration section */

/* Begin XCConfigurationList section */
		FE71BB26231EC95A003AE340 /* Build configuration list for PBXProject "TravelApp" */ = {
			isa = XCConfigurationList;
			buildConfigurations = (
				FE71BB3B231EC95B003AE340 /* Debug */,
				FE71BB3C231EC95B003AE340 /* Release */,
			);
			defaultConfigurationIsVisible = 0;
			defaultConfigurationName = Release;
		};
		FE71BB3D231EC95B003AE340 /* Build configuration list for PBXNativeTarget "TravelApp" */ = {
			isa = XCConfigurationList;
			buildConfigurations = (
				FE71BB3E231EC95B003AE340 /* Debug */,
				FE71BB3F231EC95B003AE340 /* Release */,
			);
			defaultConfigurationIsVisible = 0;
			defaultConfigurationName = Release;
		};
/* End XCConfigurationList section */
	};
	rootObject = FE71BB23231EC95A003AE340 /* Project object */;
}
